{
  "object": {
    "pins": [
      {
        "package": "AudioKit",
        "repositoryURL": "https://github.com/AudioKit/AudioKit",
        "state": {
          "branch": "v5-main",
          "revision": "b1099859f6654c98f0f28e9fb1ed388ae96cb7d6",
          "version": null
        }
      },
      {
        "package": "OneSignalXCFramework",
        "repositoryURL": "https://github.com/OneSignal/OneSignal-XCFramework",
        "state": {
          "branch": null,
          "revision": "925a35dfa8342f12931166efacde664879246539",
          "version": "3.2.3"
        }
      }
    ]
  },
  "version": 1
}
