// !$*UTF8*$!
{
	archiveVersion = 1;
	classes = {
	};
	objectVersion = 52;
	objects = {

/* Begin PBXBuildFile section */
		2E2C78F7A0FA24F44631CEEA /* Pods_Project_Mayhem.framework in Frameworks */ = {isa = PBXBuildFile; fileRef = 3DD1F1D9679D55448FFC23C4 /* Pods_Project_Mayhem.framework */; };
		76C8679125D64E40ADBCC9F7 /* Pods_Project_Mayhem_Project_MayhemUITests.framework in Frameworks */ = {isa = PBXBuildFile; fileRef = A85EE15C35486E22CC94021A /* Pods_Project_Mayhem_Project_MayhemUITests.framework */; };
		996B405403970228E743082D /* Pods_Project_MayhemTests.framework in Frameworks */ = {isa = PBXBuildFile; fileRef = FA19177C2993D8BC26D9AC75 /* Pods_Project_MayhemTests.framework */; };
		9D0C536225C4DB3D000EE579 /* (null) in Embed Frameworks */ = {isa = PBXBuildFile; settings = {ATTRIBUTES = (CodeSignOnCopy, RemoveHeadersOnCopy, ); }; };
		9D0C53A825C4EE13000EE579 /* AudioKit in Frameworks */ = {isa = PBXBuildFile; productRef = 9D0C53A725C4EE13000EE579 /* AudioKit */; };
		9D0C543D25C50F97000EE579 /* audioKitHelpers.swift in Sources */ = {isa = PBXBuildFile; fileRef = 9D0C543C25C50F97000EE579 /* audioKitHelpers.swift */; };
		9D0C544125C51AA7000EE579 /* UIViewControllerExtensions.swift in Sources */ = {isa = PBXBuildFile; fileRef = 9D0C544025C51AA7000EE579 /* UIViewControllerExtensions.swift */; };
		9D561384259195E600F1695A /* ContentView.swift in Sources */ = {isa = PBXBuildFile; fileRef = 9D561383259195E600F1695A /* ContentView.swift */; };
		9D561386259195E700F1695A /* Assets.xcassets in Resources */ = {isa = PBXBuildFile; fileRef = 9D561385259195E700F1695A /* Assets.xcassets */; };
		9D561389259195E700F1695A /* Preview Assets.xcassets in Resources */ = {isa = PBXBuildFile; fileRef = 9D561388259195E700F1695A /* Preview Assets.xcassets */; };
		9D561394259195E800F1695A /* Project_MayhemTests.swift in Sources */ = {isa = PBXBuildFile; fileRef = 9D561393259195E800F1695A /* Project_MayhemTests.swift */; };
		9D56139F259195E800F1695A /* Project_MayhemUITests.swift in Sources */ = {isa = PBXBuildFile; fileRef = 9D56139E259195E800F1695A /* Project_MayhemUITests.swift */; };
		9D5613B8259196CB00F1695A /* Main.storyboard in Resources */ = {isa = PBXBuildFile; fileRef = 9D5613B7259196CB00F1695A /* Main.storyboard */; };
		9D5613BD259196DE00F1695A /* LaunchScreen.storyboard in Resources */ = {isa = PBXBuildFile; fileRef = 9D5613BC259196DE00F1695A /* LaunchScreen.storyboard */; };
		9D56140F2591CFFD00F1695A /* CustomButton.swift in Sources */ = {isa = PBXBuildFile; fileRef = 9D56140E2591CFFD00F1695A /* CustomButton.swift */; };
		9D5614202591D1C300F1695A /* MainScreen.swift in Sources */ = {isa = PBXBuildFile; fileRef = 9D56141F2591D1C300F1695A /* MainScreen.swift */; };
		9D5614302591DC5400F1695A /* AppDelegate.swift in Sources */ = {isa = PBXBuildFile; fileRef = 9D56142F2591DC5400F1695A /* AppDelegate.swift */; };
		9D5614D525928E6300F1695A /* MYRIADPRO-REGULAR.OTF in Resources */ = {isa = PBXBuildFile; fileRef = 9D5613CF2591C7FC00F1695A /* MYRIADPRO-REGULAR.OTF */; };
		9D5614DE2592A00200F1695A /* Levels.swift in Sources */ = {isa = PBXBuildFile; fileRef = 9D5614DD2592A00200F1695A /* Levels.swift */; };
		9D5614E32592FC5F00F1695A /* CustomButtonOutline.swift in Sources */ = {isa = PBXBuildFile; fileRef = 9D5614E22592FC5F00F1695A /* CustomButtonOutline.swift */; };
		9D5614E82593153C00F1695A /* chapter1.swift in Sources */ = {isa = PBXBuildFile; fileRef = 9D5614E72593153C00F1695A /* chapter1.swift */; };
		9D5B42BA259C858100A4F34A /* chapter4.swift in Sources */ = {isa = PBXBuildFile; fileRef = 9D5B42B9259C858100A4F34A /* chapter4.swift */; };
		9D5B42C5259C97FB00A4F34A /* animations.swift in Sources */ = {isa = PBXBuildFile; fileRef = 9D5B42C4259C97FB00A4F34A /* animations.swift */; };
		9D74262425CA41F3008D9645 /* chapter14.swift in Sources */ = {isa = PBXBuildFile; fileRef = 9D74261F25CA41F3008D9645 /* chapter14.swift */; };
		9D74262525CA41F3008D9645 /* chapter15.swift in Sources */ = {isa = PBXBuildFile; fileRef = 9D74262025CA41F3008D9645 /* chapter15.swift */; };
		9D74262625CA41F3008D9645 /* chapter11.swift in Sources */ = {isa = PBXBuildFile; fileRef = 9D74262125CA41F3008D9645 /* chapter11.swift */; };
		9D74262725CA41F3008D9645 /* chapter12.swift in Sources */ = {isa = PBXBuildFile; fileRef = 9D74262225CA41F3008D9645 /* chapter12.swift */; };
		9D74262825CA41F3008D9645 /* chapter13.swift in Sources */ = {isa = PBXBuildFile; fileRef = 9D74262325CA41F3008D9645 /* chapter13.swift */; };
		9D74263C25CA5705008D9645 /* NoisyWalk.ttf in Resources */ = {isa = PBXBuildFile; fileRef = 9D74263B25CA5705008D9645 /* NoisyWalk.ttf */; };
		9D74264025CA570D008D9645 /* CoolKidFont-Regular.ttf in Resources */ = {isa = PBXBuildFile; fileRef = 9D74263F25CA570C008D9645 /* CoolKidFont-Regular.ttf */; };
		9D74264425CA5718008D9645 /* screaming_neon.ttf in Resources */ = {isa = PBXBuildFile; fileRef = 9D74264325CA5718008D9645 /* screaming_neon.ttf */; };
		9D74264825CA5721008D9645 /* Adonay.otf in Resources */ = {isa = PBXBuildFile; fileRef = 9D74264725CA5721008D9645 /* Adonay.otf */; };
		9D74264C25CA572C008D9645 /* aAmbyarSobat.otf in Resources */ = {isa = PBXBuildFile; fileRef = 9D74264B25CA572C008D9645 /* aAmbyarSobat.otf */; };
		9D74265025CA5797008D9645 /* astro.ttf in Resources */ = {isa = PBXBuildFile; fileRef = 9D74264F25CA5797008D9645 /* astro.ttf */; };
		9D74266625CA590D008D9645 /* Tomorrow-ExtraLight.ttf in Resources */ = {isa = PBXBuildFile; fileRef = 9D74265425CA590C008D9645 /* Tomorrow-ExtraLight.ttf */; };
		9D74266725CA590D008D9645 /* Tomorrow-SemiBoldItalic.ttf in Resources */ = {isa = PBXBuildFile; fileRef = 9D74265525CA590C008D9645 /* Tomorrow-SemiBoldItalic.ttf */; };
		9D74266825CA590D008D9645 /* Tomorrow-ThinItalic.ttf in Resources */ = {isa = PBXBuildFile; fileRef = 9D74265625CA590C008D9645 /* Tomorrow-ThinItalic.ttf */; };
		9D74266925CA590D008D9645 /* Tomorrow-Bold.ttf in Resources */ = {isa = PBXBuildFile; fileRef = 9D74265725CA590C008D9645 /* Tomorrow-Bold.ttf */; };
		9D74266A25CA590D008D9645 /* Tomorrow-BoldItalic.ttf in Resources */ = {isa = PBXBuildFile; fileRef = 9D74265825CA590C008D9645 /* Tomorrow-BoldItalic.ttf */; };
		9D74266B25CA590D008D9645 /* Tomorrow-Italic.ttf in Resources */ = {isa = PBXBuildFile; fileRef = 9D74265925CA590C008D9645 /* Tomorrow-Italic.ttf */; };
		9D74266C25CA590D008D9645 /* Tomorrow-ExtraBold.ttf in Resources */ = {isa = PBXBuildFile; fileRef = 9D74265A25CA590C008D9645 /* Tomorrow-ExtraBold.ttf */; };
		9D74266D25CA590D008D9645 /* Tomorrow-LightItalic.ttf in Resources */ = {isa = PBXBuildFile; fileRef = 9D74265B25CA590C008D9645 /* Tomorrow-LightItalic.ttf */; };
		9D74266E25CA590D008D9645 /* Tomorrow-Black.ttf in Resources */ = {isa = PBXBuildFile; fileRef = 9D74265C25CA590C008D9645 /* Tomorrow-Black.ttf */; };
		9D74266F25CA590D008D9645 /* Tomorrow-Regular.ttf in Resources */ = {isa = PBXBuildFile; fileRef = 9D74265D25CA590C008D9645 /* Tomorrow-Regular.ttf */; };
		9D74267025CA590D008D9645 /* Tomorrow-Light.ttf in Resources */ = {isa = PBXBuildFile; fileRef = 9D74265E25CA590C008D9645 /* Tomorrow-Light.ttf */; };
		9D74267125CA590D008D9645 /* Tomorrow-MediumItalic.ttf in Resources */ = {isa = PBXBuildFile; fileRef = 9D74265F25CA590C008D9645 /* Tomorrow-MediumItalic.ttf */; };
		9D74267225CA590D008D9645 /* Tomorrow-Medium.ttf in Resources */ = {isa = PBXBuildFile; fileRef = 9D74266025CA590C008D9645 /* Tomorrow-Medium.ttf */; };
		9D74267325CA590D008D9645 /* Tomorrow-SemiBold.ttf in Resources */ = {isa = PBXBuildFile; fileRef = 9D74266125CA590C008D9645 /* Tomorrow-SemiBold.ttf */; };
		9D74267425CA590D008D9645 /* Tomorrow-Thin.ttf in Resources */ = {isa = PBXBuildFile; fileRef = 9D74266225CA590C008D9645 /* Tomorrow-Thin.ttf */; };
		9D74267525CA590D008D9645 /* Tomorrow-BlackItalic.ttf in Resources */ = {isa = PBXBuildFile; fileRef = 9D74266325CA590C008D9645 /* Tomorrow-BlackItalic.ttf */; };
		9D74267625CA590D008D9645 /* Tomorrow-ExtraLightItalic.ttf in Resources */ = {isa = PBXBuildFile; fileRef = 9D74266425CA590C008D9645 /* Tomorrow-ExtraLightItalic.ttf */; };
		9D74267725CA590D008D9645 /* Tomorrow-ExtraBoldItalic.ttf in Resources */ = {isa = PBXBuildFile; fileRef = 9D74266525CA590D008D9645 /* Tomorrow-ExtraBoldItalic.ttf */; };
		9D8C42AF25C7BE5C0039F857 /* Settings.bundle in Resources */ = {isa = PBXBuildFile; fileRef = 9D8C42AE25C7BE5C0039F857 /* Settings.bundle */; };
		9D8C42BB25C7EFB90039F857 /* PigpenCipher.otf in Resources */ = {isa = PBXBuildFile; fileRef = 9D8C42B825C7ECEC0039F857 /* PigpenCipher.otf */; };
		9D8C42BF25C7F9C30039F857 /* nonPastableTextField.swift in Sources */ = {isa = PBXBuildFile; fileRef = 9D8C42BE25C7F9C30039F857 /* nonPastableTextField.swift */; };
		9DBBF73025C279310022FC63 /* chapter5.swift in Sources */ = {isa = PBXBuildFile; fileRef = 9DBBF72F25C279310022FC63 /* chapter5.swift */; };
		9DEA6A0625948BBA002A8739 /* chapter2.swift in Sources */ = {isa = PBXBuildFile; fileRef = 9DEA6A0525948BBA002A8739 /* chapter2.swift */; };
		9DEA6A0C259515D8002A8739 /* keyboardTemplate.swift in Sources */ = {isa = PBXBuildFile; fileRef = 9DEA6A0B259515D8002A8739 /* keyboardTemplate.swift */; };
		9DEA6A112595162B002A8739 /* chapterTemplate.swift in Sources */ = {isa = PBXBuildFile; fileRef = 9DEA6A102595162B002A8739 /* chapterTemplate.swift */; };
		9DEA6A1725951730002A8739 /* foregroundEventTemplate.swift in Sources */ = {isa = PBXBuildFile; fileRef = 9DEA6A1625951730002A8739 /* foregroundEventTemplate.swift */; };
		9DEA6A3825972495002A8739 /* chapter3.swift in Sources */ = {isa = PBXBuildFile; fileRef = 9DEA6A3725972495002A8739 /* chapter3.swift */; };
		9DEB282625C54C3A00E3F102 /* chapter6.swift in Sources */ = {isa = PBXBuildFile; fileRef = 9DEB282525C54C3A00E3F102 /* chapter6.swift */; };
		9DEB282C25C5D78700E3F102 /* chapter7.swift in Sources */ = {isa = PBXBuildFile; fileRef = 9DEB282B25C5D78700E3F102 /* chapter7.swift */; };
		9DEB283025C5D7D000E3F102 /* chapter8.swift in Sources */ = {isa = PBXBuildFile; fileRef = 9DEB282F25C5D7D000E3F102 /* chapter8.swift */; };
		9DEB283425C5D7DF00E3F102 /* chapter9.swift in Sources */ = {isa = PBXBuildFile; fileRef = 9DEB283325C5D7DF00E3F102 /* chapter9.swift */; };
		9DEB283825C5D7EE00E3F102 /* chapter10.swift in Sources */ = {isa = PBXBuildFile; fileRef = 9DEB283725C5D7EE00E3F102 /* chapter10.swift */; };
		9DEB283F25C6095000E3F102 /* stringExtensions.swift in Sources */ = {isa = PBXBuildFile; fileRef = 9DEB283E25C6095000E3F102 /* stringExtensions.swift */; };
/* End PBXBuildFile section */

/* Begin PBXContainerItemProxy section */
		9D561390259195E800F1695A /* PBXContainerItemProxy */ = {
			isa = PBXContainerItemProxy;
			containerPortal = 9D561376259195E600F1695A /* Project object */;
			proxyType = 1;
			remoteGlobalIDString = 9D56137D259195E600F1695A;
			remoteInfo = "Project Mayhem";
		};
		9D56139B259195E800F1695A /* PBXContainerItemProxy */ = {
			isa = PBXContainerItemProxy;
			containerPortal = 9D561376259195E600F1695A /* Project object */;
			proxyType = 1;
			remoteGlobalIDString = 9D56137D259195E600F1695A;
			remoteInfo = "Project Mayhem";
		};
/* End PBXContainerItemProxy section */

/* Begin PBXCopyFilesBuildPhase section */
		9D0C535E25C4DB39000EE579 /* Embed Frameworks */ = {
			isa = PBXCopyFilesBuildPhase;
			buildActionMask = 2147483647;
			dstPath = "";
			dstSubfolderSpec = 10;
			files = (
				9D0C536225C4DB3D000EE579 /* (null) in Embed Frameworks */,
			);
			name = "Embed Frameworks";
			runOnlyForDeploymentPostprocessing = 0;
		};
/* End PBXCopyFilesBuildPhase section */

/* Begin PBXFileReference section */
		3DD1F1D9679D55448FFC23C4 /* Pods_Project_Mayhem.framework */ = {isa = PBXFileReference; explicitFileType = wrapper.framework; includeInIndex = 0; path = Pods_Project_Mayhem.framework; sourceTree = BUILT_PRODUCTS_DIR; };
		5DDC00304681805AA8BFE16B /* Pods-Project Mayhem.release.xcconfig */ = {isa = PBXFileReference; includeInIndex = 1; lastKnownFileType = text.xcconfig; name = "Pods-Project Mayhem.release.xcconfig"; path = "Target Support Files/Pods-Project Mayhem/Pods-Project Mayhem.release.xcconfig"; sourceTree = "<group>"; };
		99C48B6A29085A842D6E6AF6 /* Pods-Project Mayhem-Project MayhemUITests.release.xcconfig */ = {isa = PBXFileReference; includeInIndex = 1; lastKnownFileType = text.xcconfig; name = "Pods-Project Mayhem-Project MayhemUITests.release.xcconfig"; path = "Target Support Files/Pods-Project Mayhem-Project MayhemUITests/Pods-Project Mayhem-Project MayhemUITests.release.xcconfig"; sourceTree = "<group>"; };
		9D0B057325C8B0DF00DB47CF /* Project Mayhem.entitlements */ = {isa = PBXFileReference; lastKnownFileType = text.plist.entitlements; path = "Project Mayhem.entitlements"; sourceTree = "<group>"; };
		9D0C535A25C4DB21000EE579 /* AudioKit */ = {isa = PBXFileReference; lastKnownFileType = folder; name = AudioKit; path = ../../Downloads/AudioKit; sourceTree = "<group>"; };
		9D0C535B25C4DB39000EE579 /* AudioKit.framework */ = {isa = PBXFileReference; lastKnownFileType = wrapper.framework; name = AudioKit.framework; path = "../../Downloads/AudioKit/AudioKit.xcframework/ios-arm64_armv7/AudioKit.framework"; sourceTree = "<group>"; };
		9D0C543C25C50F97000EE579 /* audioKitHelpers.swift */ = {isa = PBXFileReference; lastKnownFileType = sourcecode.swift; path = audioKitHelpers.swift; sourceTree = "<group>"; };
		9D0C544025C51AA7000EE579 /* UIViewControllerExtensions.swift */ = {isa = PBXFileReference; lastKnownFileType = sourcecode.swift; path = UIViewControllerExtensions.swift; sourceTree = "<group>"; };
		9D56137E259195E600F1695A /* Project Mayhem.app */ = {isa = PBXFileReference; explicitFileType = wrapper.application; includeInIndex = 0; path = "Project Mayhem.app"; sourceTree = BUILT_PRODUCTS_DIR; };
		9D561383259195E600F1695A /* ContentView.swift */ = {isa = PBXFileReference; lastKnownFileType = sourcecode.swift; path = ContentView.swift; sourceTree = "<group>"; };
		9D561385259195E700F1695A /* Assets.xcassets */ = {isa = PBXFileReference; lastKnownFileType = folder.assetcatalog; path = Assets.xcassets; sourceTree = "<group>"; };
		9D561388259195E700F1695A /* Preview Assets.xcassets */ = {isa = PBXFileReference; lastKnownFileType = folder.assetcatalog; path = "Preview Assets.xcassets"; sourceTree = "<group>"; };
		9D56138A259195E700F1695A /* Info.plist */ = {isa = PBXFileReference; lastKnownFileType = text.plist.xml; path = Info.plist; sourceTree = "<group>"; };
		9D56138F259195E800F1695A /* Project MayhemTests.xctest */ = {isa = PBXFileReference; explicitFileType = wrapper.cfbundle; includeInIndex = 0; path = "Project MayhemTests.xctest"; sourceTree = BUILT_PRODUCTS_DIR; };
		9D561393259195E800F1695A /* Project_MayhemTests.swift */ = {isa = PBXFileReference; lastKnownFileType = sourcecode.swift; path = Project_MayhemTests.swift; sourceTree = "<group>"; };
		9D561395259195E800F1695A /* Info.plist */ = {isa = PBXFileReference; lastKnownFileType = text.plist.xml; path = Info.plist; sourceTree = "<group>"; };
		9D56139A259195E800F1695A /* Project MayhemUITests.xctest */ = {isa = PBXFileReference; explicitFileType = wrapper.cfbundle; includeInIndex = 0; path = "Project MayhemUITests.xctest"; sourceTree = BUILT_PRODUCTS_DIR; };
		9D56139E259195E800F1695A /* Project_MayhemUITests.swift */ = {isa = PBXFileReference; lastKnownFileType = sourcecode.swift; path = Project_MayhemUITests.swift; sourceTree = "<group>"; };
		9D5613A0259195E800F1695A /* Info.plist */ = {isa = PBXFileReference; lastKnownFileType = text.plist.xml; path = Info.plist; sourceTree = "<group>"; };
		9D5613B7259196CB00F1695A /* Main.storyboard */ = {isa = PBXFileReference; lastKnownFileType = file.storyboard; path = Main.storyboard; sourceTree = "<group>"; };
		9D5613BC259196DE00F1695A /* LaunchScreen.storyboard */ = {isa = PBXFileReference; lastKnownFileType = file.storyboard; path = LaunchScreen.storyboard; sourceTree = "<group>"; };
		9D5613CF2591C7FC00F1695A /* MYRIADPRO-REGULAR.OTF */ = {isa = PBXFileReference; lastKnownFileType = file; path = "MYRIADPRO-REGULAR.OTF"; sourceTree = "<group>"; };
		9D56140E2591CFFD00F1695A /* CustomButton.swift */ = {isa = PBXFileReference; lastKnownFileType = sourcecode.swift; path = CustomButton.swift; sourceTree = "<group>"; };
		9D56141F2591D1C300F1695A /* MainScreen.swift */ = {isa = PBXFileReference; lastKnownFileType = sourcecode.swift; path = MainScreen.swift; sourceTree = "<group>"; };
		9D56142F2591DC5400F1695A /* AppDelegate.swift */ = {isa = PBXFileReference; lastKnownFileType = sourcecode.swift; path = AppDelegate.swift; sourceTree = "<group>"; };
		9D5614DD2592A00200F1695A /* Levels.swift */ = {isa = PBXFileReference; lastKnownFileType = sourcecode.swift; path = Levels.swift; sourceTree = "<group>"; };
		9D5614E22592FC5F00F1695A /* CustomButtonOutline.swift */ = {isa = PBXFileReference; lastKnownFileType = sourcecode.swift; path = CustomButtonOutline.swift; sourceTree = "<group>"; };
		9D5614E72593153C00F1695A /* chapter1.swift */ = {isa = PBXFileReference; lastKnownFileType = sourcecode.swift; path = chapter1.swift; sourceTree = "<group>"; };
		9D5B42B9259C858100A4F34A /* chapter4.swift */ = {isa = PBXFileReference; lastKnownFileType = sourcecode.swift; path = chapter4.swift; sourceTree = "<group>"; };
		9D5B42C4259C97FB00A4F34A /* animations.swift */ = {isa = PBXFileReference; lastKnownFileType = sourcecode.swift; path = animations.swift; sourceTree = "<group>"; };
		9D74261F25CA41F3008D9645 /* chapter14.swift */ = {isa = PBXFileReference; fileEncoding = 4; lastKnownFileType = sourcecode.swift; path = chapter14.swift; sourceTree = "<group>"; };
		9D74262025CA41F3008D9645 /* chapter15.swift */ = {isa = PBXFileReference; fileEncoding = 4; lastKnownFileType = sourcecode.swift; path = chapter15.swift; sourceTree = "<group>"; };
		9D74262125CA41F3008D9645 /* chapter11.swift */ = {isa = PBXFileReference; fileEncoding = 4; lastKnownFileType = sourcecode.swift; path = chapter11.swift; sourceTree = "<group>"; };
		9D74262225CA41F3008D9645 /* chapter12.swift */ = {isa = PBXFileReference; fileEncoding = 4; lastKnownFileType = sourcecode.swift; path = chapter12.swift; sourceTree = "<group>"; };
		9D74262325CA41F3008D9645 /* chapter13.swift */ = {isa = PBXFileReference; fileEncoding = 4; lastKnownFileType = sourcecode.swift; path = chapter13.swift; sourceTree = "<group>"; };
		9D74263B25CA5705008D9645 /* NoisyWalk.ttf */ = {isa = PBXFileReference; lastKnownFileType = file; name = NoisyWalk.ttf; path = ../../../../Downloads/NoisyWalk.ttf; sourceTree = "<group>"; };
		9D74263F25CA570C008D9645 /* CoolKidFont-Regular.ttf */ = {isa = PBXFileReference; lastKnownFileType = file; name = "CoolKidFont-Regular.ttf"; path = "../../../../Downloads/CoolKidFont-Regular.ttf"; sourceTree = "<group>"; };
		9D74264325CA5718008D9645 /* screaming_neon.ttf */ = {isa = PBXFileReference; lastKnownFileType = file; name = screaming_neon.ttf; path = "../../../../Downloads/screaming-neon/screaming_neon.ttf"; sourceTree = "<group>"; };
		9D74264725CA5721008D9645 /* Adonay.otf */ = {isa = PBXFileReference; lastKnownFileType = file; name = Adonay.otf; path = ../../../../Downloads/adonay/Adonay.otf; sourceTree = "<group>"; };
		9D74264B25CA572C008D9645 /* aAmbyarSobat.otf */ = {isa = PBXFileReference; lastKnownFileType = file; name = aAmbyarSobat.otf; path = "../../../../Downloads/a-ambyar-sobat/aAmbyarSobat.otf"; sourceTree = "<group>"; };
		9D74264F25CA5797008D9645 /* astro.ttf */ = {isa = PBXFileReference; lastKnownFileType = file; name = astro.ttf; path = ../../../../Downloads/astro.ttf; sourceTree = "<group>"; };
		9D74265425CA590C008D9645 /* Tomorrow-ExtraLight.ttf */ = {isa = PBXFileReference; lastKnownFileType = file; name = "Tomorrow-ExtraLight.ttf"; path = "../../../../../Downloads/tomorrow/Tomorrow-ExtraLight.ttf"; sourceTree = "<group>"; };
		9D74265525CA590C008D9645 /* Tomorrow-SemiBoldItalic.ttf */ = {isa = PBXFileReference; lastKnownFileType = file; name = "Tomorrow-SemiBoldItalic.ttf"; path = "../../../../../Downloads/tomorrow/Tomorrow-SemiBoldItalic.ttf"; sourceTree = "<group>"; };
		9D74265625CA590C008D9645 /* Tomorrow-ThinItalic.ttf */ = {isa = PBXFileReference; lastKnownFileType = file; name = "Tomorrow-ThinItalic.ttf"; path = "../../../../../Downloads/tomorrow/Tomorrow-ThinItalic.ttf"; sourceTree = "<group>"; };
		9D74265725CA590C008D9645 /* Tomorrow-Bold.ttf */ = {isa = PBXFileReference; lastKnownFileType = file; name = "Tomorrow-Bold.ttf"; path = "../../../../../Downloads/tomorrow/Tomorrow-Bold.ttf"; sourceTree = "<group>"; };
		9D74265825CA590C008D9645 /* Tomorrow-BoldItalic.ttf */ = {isa = PBXFileReference; lastKnownFileType = file; name = "Tomorrow-BoldItalic.ttf"; path = "../../../../../Downloads/tomorrow/Tomorrow-BoldItalic.ttf"; sourceTree = "<group>"; };
		9D74265925CA590C008D9645 /* Tomorrow-Italic.ttf */ = {isa = PBXFileReference; lastKnownFileType = file; name = "Tomorrow-Italic.ttf"; path = "../../../../../Downloads/tomorrow/Tomorrow-Italic.ttf"; sourceTree = "<group>"; };
		9D74265A25CA590C008D9645 /* Tomorrow-ExtraBold.ttf */ = {isa = PBXFileReference; lastKnownFileType = file; name = "Tomorrow-ExtraBold.ttf"; path = "../../../../../Downloads/tomorrow/Tomorrow-ExtraBold.ttf"; sourceTree = "<group>"; };
		9D74265B25CA590C008D9645 /* Tomorrow-LightItalic.ttf */ = {isa = PBXFileReference; lastKnownFileType = file; name = "Tomorrow-LightItalic.ttf"; path = "../../../../../Downloads/tomorrow/Tomorrow-LightItalic.ttf"; sourceTree = "<group>"; };
		9D74265C25CA590C008D9645 /* Tomorrow-Black.ttf */ = {isa = PBXFileReference; lastKnownFileType = file; name = "Tomorrow-Black.ttf"; path = "../../../../../Downloads/tomorrow/Tomorrow-Black.ttf"; sourceTree = "<group>"; };
		9D74265D25CA590C008D9645 /* Tomorrow-Regular.ttf */ = {isa = PBXFileReference; lastKnownFileType = file; name = "Tomorrow-Regular.ttf"; path = "../../../../../Downloads/tomorrow/Tomorrow-Regular.ttf"; sourceTree = "<group>"; };
		9D74265E25CA590C008D9645 /* Tomorrow-Light.ttf */ = {isa = PBXFileReference; lastKnownFileType = file; name = "Tomorrow-Light.ttf"; path = "../../../../../Downloads/tomorrow/Tomorrow-Light.ttf"; sourceTree = "<group>"; };
		9D74265F25CA590C008D9645 /* Tomorrow-MediumItalic.ttf */ = {isa = PBXFileReference; lastKnownFileType = file; name = "Tomorrow-MediumItalic.ttf"; path = "../../../../../Downloads/tomorrow/Tomorrow-MediumItalic.ttf"; sourceTree = "<group>"; };
		9D74266025CA590C008D9645 /* Tomorrow-Medium.ttf */ = {isa = PBXFileReference; lastKnownFileType = file; name = "Tomorrow-Medium.ttf"; path = "../../../../../Downloads/tomorrow/Tomorrow-Medium.ttf"; sourceTree = "<group>"; };
		9D74266125CA590C008D9645 /* Tomorrow-SemiBold.ttf */ = {isa = PBXFileReference; lastKnownFileType = file; name = "Tomorrow-SemiBold.ttf"; path = "../../../../../Downloads/tomorrow/Tomorrow-SemiBold.ttf"; sourceTree = "<group>"; };
		9D74266225CA590C008D9645 /* Tomorrow-Thin.ttf */ = {isa = PBXFileReference; lastKnownFileType = file; name = "Tomorrow-Thin.ttf"; path = "../../../../../Downloads/tomorrow/Tomorrow-Thin.ttf"; sourceTree = "<group>"; };
		9D74266325CA590C008D9645 /* Tomorrow-BlackItalic.ttf */ = {isa = PBXFileReference; lastKnownFileType = file; name = "Tomorrow-BlackItalic.ttf"; path = "../../../../../Downloads/tomorrow/Tomorrow-BlackItalic.ttf"; sourceTree = "<group>"; };
		9D74266425CA590C008D9645 /* Tomorrow-ExtraLightItalic.ttf */ = {isa = PBXFileReference; lastKnownFileType = file; name = "Tomorrow-ExtraLightItalic.ttf"; path = "../../../../../Downloads/tomorrow/Tomorrow-ExtraLightItalic.ttf"; sourceTree = "<group>"; };
		9D74266525CA590D008D9645 /* Tomorrow-ExtraBoldItalic.ttf */ = {isa = PBXFileReference; lastKnownFileType = file; name = "Tomorrow-ExtraBoldItalic.ttf"; path = "../../../../../Downloads/tomorrow/Tomorrow-ExtraBoldItalic.ttf"; sourceTree = "<group>"; };
		9D8C42AE25C7BE5C0039F857 /* Settings.bundle */ = {isa = PBXFileReference; lastKnownFileType = "wrapper.plug-in"; path = Settings.bundle; sourceTree = "<group>"; };
		9D8C42B825C7ECEC0039F857 /* PigpenCipher.otf */ = {isa = PBXFileReference; lastKnownFileType = file; name = PigpenCipher.otf; path = "../../../../Downloads/pigpen-cipher/PigpenCipher.otf"; sourceTree = "<group>"; };
		9D8C42BE25C7F9C30039F857 /* nonPastableTextField.swift */ = {isa = PBXFileReference; lastKnownFileType = sourcecode.swift; path = nonPastableTextField.swift; sourceTree = "<group>"; };
		9DBBF72F25C279310022FC63 /* chapter5.swift */ = {isa = PBXFileReference; lastKnownFileType = sourcecode.swift; path = chapter5.swift; sourceTree = "<group>"; };
		9DEA6A0525948BBA002A8739 /* chapter2.swift */ = {isa = PBXFileReference; lastKnownFileType = sourcecode.swift; path = chapter2.swift; sourceTree = "<group>"; };
		9DEA6A0B259515D8002A8739 /* keyboardTemplate.swift */ = {isa = PBXFileReference; lastKnownFileType = sourcecode.swift; path = keyboardTemplate.swift; sourceTree = "<group>"; };
		9DEA6A102595162B002A8739 /* chapterTemplate.swift */ = {isa = PBXFileReference; lastKnownFileType = sourcecode.swift; path = chapterTemplate.swift; sourceTree = "<group>"; };
		9DEA6A1625951730002A8739 /* foregroundEventTemplate.swift */ = {isa = PBXFileReference; lastKnownFileType = sourcecode.swift; path = foregroundEventTemplate.swift; sourceTree = "<group>"; };
		9DEA6A3725972495002A8739 /* chapter3.swift */ = {isa = PBXFileReference; lastKnownFileType = sourcecode.swift; path = chapter3.swift; sourceTree = "<group>"; };
		9DEB282525C54C3A00E3F102 /* chapter6.swift */ = {isa = PBXFileReference; lastKnownFileType = sourcecode.swift; path = chapter6.swift; sourceTree = "<group>"; };
		9DEB282B25C5D78700E3F102 /* chapter7.swift */ = {isa = PBXFileReference; lastKnownFileType = sourcecode.swift; path = chapter7.swift; sourceTree = "<group>"; };
		9DEB282F25C5D7D000E3F102 /* chapter8.swift */ = {isa = PBXFileReference; lastKnownFileType = sourcecode.swift; path = chapter8.swift; sourceTree = "<group>"; };
		9DEB283325C5D7DF00E3F102 /* chapter9.swift */ = {isa = PBXFileReference; lastKnownFileType = sourcecode.swift; path = chapter9.swift; sourceTree = "<group>"; };
		9DEB283725C5D7EE00E3F102 /* chapter10.swift */ = {isa = PBXFileReference; lastKnownFileType = sourcecode.swift; path = chapter10.swift; sourceTree = "<group>"; };
		9DEB283E25C6095000E3F102 /* stringExtensions.swift */ = {isa = PBXFileReference; lastKnownFileType = sourcecode.swift; path = stringExtensions.swift; sourceTree = "<group>"; };
		A85EE15C35486E22CC94021A /* Pods_Project_Mayhem_Project_MayhemUITests.framework */ = {isa = PBXFileReference; explicitFileType = wrapper.framework; includeInIndex = 0; path = Pods_Project_Mayhem_Project_MayhemUITests.framework; sourceTree = BUILT_PRODUCTS_DIR; };
		ABED7CDB4229742E6FEF7134 /* Pods-Project MayhemTests.release.xcconfig */ = {isa = PBXFileReference; includeInIndex = 1; lastKnownFileType = text.xcconfig; name = "Pods-Project MayhemTests.release.xcconfig"; path = "Target Support Files/Pods-Project MayhemTests/Pods-Project MayhemTests.release.xcconfig"; sourceTree = "<group>"; };
		BE26DA8EA970DBADE6E35441 /* Pods-Project MayhemTests.debug.xcconfig */ = {isa = PBXFileReference; includeInIndex = 1; lastKnownFileType = text.xcconfig; name = "Pods-Project MayhemTests.debug.xcconfig"; path = "Target Support Files/Pods-Project MayhemTests/Pods-Project MayhemTests.debug.xcconfig"; sourceTree = "<group>"; };
		C406F0BE2B71DDB27F5FD965 /* Pods-Project Mayhem.debug.xcconfig */ = {isa = PBXFileReference; includeInIndex = 1; lastKnownFileType = text.xcconfig; name = "Pods-Project Mayhem.debug.xcconfig"; path = "Target Support Files/Pods-Project Mayhem/Pods-Project Mayhem.debug.xcconfig"; sourceTree = "<group>"; };
		E4628540A99DB5EC6AC5EDDB /* Pods-Project Mayhem-Project MayhemUITests.debug.xcconfig */ = {isa = PBXFileReference; includeInIndex = 1; lastKnownFileType = text.xcconfig; name = "Pods-Project Mayhem-Project MayhemUITests.debug.xcconfig"; path = "Target Support Files/Pods-Project Mayhem-Project MayhemUITests/Pods-Project Mayhem-Project MayhemUITests.debug.xcconfig"; sourceTree = "<group>"; };
		FA19177C2993D8BC26D9AC75 /* Pods_Project_MayhemTests.framework */ = {isa = PBXFileReference; explicitFileType = wrapper.framework; includeInIndex = 0; path = Pods_Project_MayhemTests.framework; sourceTree = BUILT_PRODUCTS_DIR; };
/* End PBXFileReference section */

/* Begin PBXFrameworksBuildPhase section */
		9D56137B259195E600F1695A /* Frameworks */ = {
			isa = PBXFrameworksBuildPhase;
			buildActionMask = 2147483647;
			files = (
				9D0C53A825C4EE13000EE579 /* AudioKit in Frameworks */,
				2E2C78F7A0FA24F44631CEEA /* Pods_Project_Mayhem.framework in Frameworks */,
			);
			runOnlyForDeploymentPostprocessing = 0;
		};
		9D56138C259195E800F1695A /* Frameworks */ = {
			isa = PBXFrameworksBuildPhase;
			buildActionMask = 2147483647;
			files = (
				996B405403970228E743082D /* Pods_Project_MayhemTests.framework in Frameworks */,
			);
			runOnlyForDeploymentPostprocessing = 0;
		};
		9D561397259195E800F1695A /* Frameworks */ = {
			isa = PBXFrameworksBuildPhase;
			buildActionMask = 2147483647;
			files = (
				76C8679125D64E40ADBCC9F7 /* Pods_Project_Mayhem_Project_MayhemUITests.framework in Frameworks */,
			);
			runOnlyForDeploymentPostprocessing = 0;
		};
/* End PBXFrameworksBuildPhase section */

/* Begin PBXGroup section */
		686C6C4E28FB66CABEEB59D1 /* Frameworks */ = {
			isa = PBXGroup;
			children = (
				9D0C535B25C4DB39000EE579 /* AudioKit.framework */,
				9D0C535A25C4DB21000EE579 /* AudioKit */,
				3DD1F1D9679D55448FFC23C4 /* Pods_Project_Mayhem.framework */,
				A85EE15C35486E22CC94021A /* Pods_Project_Mayhem_Project_MayhemUITests.framework */,
				FA19177C2993D8BC26D9AC75 /* Pods_Project_MayhemTests.framework */,
			);
			name = Frameworks;
			sourceTree = "<group>";
		};
		90E02D21C2433C4DDF373F30 /* Pods */ = {
			isa = PBXGroup;
			children = (
				C406F0BE2B71DDB27F5FD965 /* Pods-Project Mayhem.debug.xcconfig */,
				5DDC00304681805AA8BFE16B /* Pods-Project Mayhem.release.xcconfig */,
				E4628540A99DB5EC6AC5EDDB /* Pods-Project Mayhem-Project MayhemUITests.debug.xcconfig */,
				99C48B6A29085A842D6E6AF6 /* Pods-Project Mayhem-Project MayhemUITests.release.xcconfig */,
				BE26DA8EA970DBADE6E35441 /* Pods-Project MayhemTests.debug.xcconfig */,
				ABED7CDB4229742E6FEF7134 /* Pods-Project MayhemTests.release.xcconfig */,
			);
			path = Pods;
			sourceTree = "<group>";
		};
		9D0C543B25C50F79000EE579 /* Helpers */ = {
			isa = PBXGroup;
			children = (
				9D56140E2591CFFD00F1695A /* CustomButton.swift */,
				9D5614E22592FC5F00F1695A /* CustomButtonOutline.swift */,
				9D0C543C25C50F97000EE579 /* audioKitHelpers.swift */,
				9D8C42BE25C7F9C30039F857 /* nonPastableTextField.swift */,
				9DEB283E25C6095000E3F102 /* stringExtensions.swift */,
				9D0C544025C51AA7000EE579 /* UIViewControllerExtensions.swift */,
				9D5B42C4259C97FB00A4F34A /* animations.swift */,
			);
			path = Helpers;
			sourceTree = "<group>";
		};
		9D561375259195E600F1695A = {
			isa = PBXGroup;
			children = (
				9D561380259195E600F1695A /* Project Mayhem */,
				9D561392259195E800F1695A /* Project MayhemTests */,
				9D56139D259195E800F1695A /* Project MayhemUITests */,
				9D56137F259195E600F1695A /* Products */,
				90E02D21C2433C4DDF373F30 /* Pods */,
				686C6C4E28FB66CABEEB59D1 /* Frameworks */,
			);
			sourceTree = "<group>";
		};
		9D56137F259195E600F1695A /* Products */ = {
			isa = PBXGroup;
			children = (
				9D56137E259195E600F1695A /* Project Mayhem.app */,
				9D56138F259195E800F1695A /* Project MayhemTests.xctest */,
				9D56139A259195E800F1695A /* Project MayhemUITests.xctest */,
			);
			name = Products;
			sourceTree = "<group>";
		};
		9D561380259195E600F1695A /* Project Mayhem */ = {
			isa = PBXGroup;
			children = (
				9D0B057325C8B0DF00DB47CF /* Project Mayhem.entitlements */,
				9D5613B7259196CB00F1695A /* Main.storyboard */,
				9D561383259195E600F1695A /* ContentView.swift */,
				9D561385259195E700F1695A /* Assets.xcassets */,
				9D56142F2591DC5400F1695A /* AppDelegate.swift */,
				9D5613BC259196DE00F1695A /* LaunchScreen.storyboard */,
				9D56138A259195E700F1695A /* Info.plist */,
				9D8C42AE25C7BE5C0039F857 /* Settings.bundle */,
				9D0C543B25C50F79000EE579 /* Helpers */,
				9D5614242591D2DA00F1695A /* View Controllers */,
				9DEA6A0A259515B0002A8739 /* Templates */,
				9D5613CB2591C7F200F1695A /* Fonts */,
				9D561387259195E700F1695A /* Preview Content */,
			);
			path = "Project Mayhem";
			sourceTree = "<group>";
		};
		9D561387259195E700F1695A /* Preview Content */ = {
			isa = PBXGroup;
			children = (
				9D561388259195E700F1695A /* Preview Assets.xcassets */,
			);
			path = "Preview Content";
			sourceTree = "<group>";
		};
		9D561392259195E800F1695A /* Project MayhemTests */ = {
			isa = PBXGroup;
			children = (
				9D561393259195E800F1695A /* Project_MayhemTests.swift */,
				9D561395259195E800F1695A /* Info.plist */,
			);
			path = "Project MayhemTests";
			sourceTree = "<group>";
		};
		9D56139D259195E800F1695A /* Project MayhemUITests */ = {
			isa = PBXGroup;
			children = (
				9D56139E259195E800F1695A /* Project_MayhemUITests.swift */,
				9D5613A0259195E800F1695A /* Info.plist */,
			);
			path = "Project MayhemUITests";
			sourceTree = "<group>";
		};
		9D5613CB2591C7F200F1695A /* Fonts */ = {
			isa = PBXGroup;
			children = (
				9D8C42B825C7ECEC0039F857 /* PigpenCipher.otf */,
				9D74263F25CA570C008D9645 /* CoolKidFont-Regular.ttf */,
				9D74264325CA5718008D9645 /* screaming_neon.ttf */,
				9D74264B25CA572C008D9645 /* aAmbyarSobat.otf */,
				9D74264F25CA5797008D9645 /* astro.ttf */,
				9D74264725CA5721008D9645 /* Adonay.otf */,
				9D74263B25CA5705008D9645 /* NoisyWalk.ttf */,
				9D5613CF2591C7FC00F1695A /* MYRIADPRO-REGULAR.OTF */,
				9D74265325CA58F3008D9645 /* Tomorrow */,
			);
			path = Fonts;
			sourceTree = "<group>";
		};
		9D5614242591D2DA00F1695A /* View Controllers */ = {
			isa = PBXGroup;
			children = (
				9D56141F2591D1C300F1695A /* MainScreen.swift */,
				9D5614DD2592A00200F1695A /* Levels.swift */,
				9D5614E72593153C00F1695A /* chapter1.swift */,
				9DEA6A0525948BBA002A8739 /* chapter2.swift */,
				9DEA6A3725972495002A8739 /* chapter3.swift */,
				9D5B42B9259C858100A4F34A /* chapter4.swift */,
				9DBBF72F25C279310022FC63 /* chapter5.swift */,
				9DEB282525C54C3A00E3F102 /* chapter6.swift */,
				9DEB282B25C5D78700E3F102 /* chapter7.swift */,
				9DEB282F25C5D7D000E3F102 /* chapter8.swift */,
				9DEB283325C5D7DF00E3F102 /* chapter9.swift */,
				9DEB283725C5D7EE00E3F102 /* chapter10.swift */,
				9D74262125CA41F3008D9645 /* chapter11.swift */,
				9D74262225CA41F3008D9645 /* chapter12.swift */,
				9D74262325CA41F3008D9645 /* chapter13.swift */,
				9D74261F25CA41F3008D9645 /* chapter14.swift */,
				9D74262025CA41F3008D9645 /* chapter15.swift */,
			);
			path = "View Controllers";
			sourceTree = "<group>";
		};
		9D74265325CA58F3008D9645 /* Tomorrow */ = {
			isa = PBXGroup;
			children = (
				9D74265C25CA590C008D9645 /* Tomorrow-Black.ttf */,
				9D74266325CA590C008D9645 /* Tomorrow-BlackItalic.ttf */,
				9D74265725CA590C008D9645 /* Tomorrow-Bold.ttf */,
				9D74265825CA590C008D9645 /* Tomorrow-BoldItalic.ttf */,
				9D74265A25CA590C008D9645 /* Tomorrow-ExtraBold.ttf */,
				9D74266525CA590D008D9645 /* Tomorrow-ExtraBoldItalic.ttf */,
				9D74265425CA590C008D9645 /* Tomorrow-ExtraLight.ttf */,
				9D74266425CA590C008D9645 /* Tomorrow-ExtraLightItalic.ttf */,
				9D74265925CA590C008D9645 /* Tomorrow-Italic.ttf */,
				9D74265E25CA590C008D9645 /* Tomorrow-Light.ttf */,
				9D74265B25CA590C008D9645 /* Tomorrow-LightItalic.ttf */,
				9D74266025CA590C008D9645 /* Tomorrow-Medium.ttf */,
				9D74265F25CA590C008D9645 /* Tomorrow-MediumItalic.ttf */,
				9D74265D25CA590C008D9645 /* Tomorrow-Regular.ttf */,
				9D74266125CA590C008D9645 /* Tomorrow-SemiBold.ttf */,
				9D74265525CA590C008D9645 /* Tomorrow-SemiBoldItalic.ttf */,
				9D74266225CA590C008D9645 /* Tomorrow-Thin.ttf */,
				9D74265625CA590C008D9645 /* Tomorrow-ThinItalic.ttf */,
			);
			path = Tomorrow;
			sourceTree = "<group>";
		};
		9DEA6A0A259515B0002A8739 /* Templates */ = {
			isa = PBXGroup;
			children = (
				9DEA6A0B259515D8002A8739 /* keyboardTemplate.swift */,
				9DEA6A1625951730002A8739 /* foregroundEventTemplate.swift */,
				9DEA6A102595162B002A8739 /* chapterTemplate.swift */,
			);
			path = Templates;
			sourceTree = "<group>";
		};
/* End PBXGroup section */

/* Begin PBXNativeTarget section */
		9D56137D259195E600F1695A /* Project Mayhem */ = {
			isa = PBXNativeTarget;
			buildConfigurationList = 9D5613A3259195E800F1695A /* Build configuration list for PBXNativeTarget "Project Mayhem" */;
			buildPhases = (
				E49A3200C02911184E9E32CC /* [CP] Check Pods Manifest.lock */,
				9D56137A259195E600F1695A /* Sources */,
				9D56137B259195E600F1695A /* Frameworks */,
				9D56137C259195E600F1695A /* Resources */,
				9D0C535E25C4DB39000EE579 /* Embed Frameworks */,
			);
			buildRules = (
			);
			dependencies = (
			);
			name = "Project Mayhem";
			packageProductDependencies = (
				9D0C53A725C4EE13000EE579 /* AudioKit */,
			);
			productName = "Project Mayhem";
			productReference = 9D56137E259195E600F1695A /* Project Mayhem.app */;
			productType = "com.apple.product-type.application";
		};
		9D56138E259195E800F1695A /* Project MayhemTests */ = {
			isa = PBXNativeTarget;
			buildConfigurationList = 9D5613A6259195E800F1695A /* Build configuration list for PBXNativeTarget "Project MayhemTests" */;
			buildPhases = (
				82AE2A8FFC8CB361BA2742DC /* [CP] Check Pods Manifest.lock */,
				9D56138B259195E800F1695A /* Sources */,
				9D56138C259195E800F1695A /* Frameworks */,
				9D56138D259195E800F1695A /* Resources */,
			);
			buildRules = (
			);
			dependencies = (
				9D561391259195E800F1695A /* PBXTargetDependency */,
			);
			name = "Project MayhemTests";
			productName = "Project MayhemTests";
			productReference = 9D56138F259195E800F1695A /* Project MayhemTests.xctest */;
			productType = "com.apple.product-type.bundle.unit-test";
		};
		9D561399259195E800F1695A /* Project MayhemUITests */ = {
			isa = PBXNativeTarget;
			buildConfigurationList = 9D5613A9259195E800F1695A /* Build configuration list for PBXNativeTarget "Project MayhemUITests" */;
			buildPhases = (
				226275A81363612742FE7189 /* [CP] Check Pods Manifest.lock */,
				9D561396259195E800F1695A /* Sources */,
				9D561397259195E800F1695A /* Frameworks */,
				9D561398259195E800F1695A /* Resources */,
			);
			buildRules = (
			);
			dependencies = (
				9D56139C259195E800F1695A /* PBXTargetDependency */,
			);
			name = "Project MayhemUITests";
			productName = "Project MayhemUITests";
			productReference = 9D56139A259195E800F1695A /* Project MayhemUITests.xctest */;
			productType = "com.apple.product-type.bundle.ui-testing";
		};
/* End PBXNativeTarget section */

/* Begin PBXProject section */
		9D561376259195E600F1695A /* Project object */ = {
			isa = PBXProject;
			attributes = {
				LastSwiftUpdateCheck = 1230;
				LastUpgradeCheck = 1230;
				TargetAttributes = {
					9D56137D259195E600F1695A = {
						CreatedOnToolsVersion = 12.3;
					};
					9D56138E259195E800F1695A = {
						CreatedOnToolsVersion = 12.3;
						TestTargetID = 9D56137D259195E600F1695A;
					};
					9D561399259195E800F1695A = {
						CreatedOnToolsVersion = 12.3;
						TestTargetID = 9D56137D259195E600F1695A;
					};
				};
			};
			buildConfigurationList = 9D561379259195E600F1695A /* Build configuration list for PBXProject "Project Mayhem" */;
			compatibilityVersion = "Xcode 9.3";
			developmentRegion = en;
			hasScannedForEncodings = 0;
			knownRegions = (
				en,
				Base,
			);
			mainGroup = 9D561375259195E600F1695A;
			packageReferences = (
				9D0C53A625C4EE13000EE579 /* XCRemoteSwiftPackageReference "AudioKit" */,
			);
			productRefGroup = 9D56137F259195E600F1695A /* Products */;
			projectDirPath = "";
			projectRoot = "";
			targets = (
				9D56137D259195E600F1695A /* Project Mayhem */,
				9D56138E259195E800F1695A /* Project MayhemTests */,
				9D561399259195E800F1695A /* Project MayhemUITests */,
			);
		};
/* End PBXProject section */

/* Begin PBXResourcesBuildPhase section */
		9D56137C259195E600F1695A /* Resources */ = {
			isa = PBXResourcesBuildPhase;
			buildActionMask = 2147483647;
			files = (
				9D74265025CA5797008D9645 /* astro.ttf in Resources */,
				9D74267625CA590D008D9645 /* Tomorrow-ExtraLightItalic.ttf in Resources */,
				9D74266B25CA590D008D9645 /* Tomorrow-Italic.ttf in Resources */,
				9D74267125CA590D008D9645 /* Tomorrow-MediumItalic.ttf in Resources */,
				9D74266F25CA590D008D9645 /* Tomorrow-Regular.ttf in Resources */,
				9D74267325CA590D008D9645 /* Tomorrow-SemiBold.ttf in Resources */,
				9D561389259195E700F1695A /* Preview Assets.xcassets in Resources */,
				9D74266825CA590D008D9645 /* Tomorrow-ThinItalic.ttf in Resources */,
				9D74266925CA590D008D9645 /* Tomorrow-Bold.ttf in Resources */,
				9D74266D25CA590D008D9645 /* Tomorrow-LightItalic.ttf in Resources */,
				9D74264825CA5721008D9645 /* Adonay.otf in Resources */,
				9D74267425CA590D008D9645 /* Tomorrow-Thin.ttf in Resources */,
				9D74266625CA590D008D9645 /* Tomorrow-ExtraLight.ttf in Resources */,
				9D74266725CA590D008D9645 /* Tomorrow-SemiBoldItalic.ttf in Resources */,
				9D74266E25CA590D008D9645 /* Tomorrow-Black.ttf in Resources */,
				9D74267225CA590D008D9645 /* Tomorrow-Medium.ttf in Resources */,
				9D561386259195E700F1695A /* Assets.xcassets in Resources */,
				9D74267025CA590D008D9645 /* Tomorrow-Light.ttf in Resources */,
				9D74266C25CA590D008D9645 /* Tomorrow-ExtraBold.ttf in Resources */,
				9D74266A25CA590D008D9645 /* Tomorrow-BoldItalic.ttf in Resources */,
				9D74263C25CA5705008D9645 /* NoisyWalk.ttf in Resources */,
				9D5614D525928E6300F1695A /* MYRIADPRO-REGULAR.OTF in Resources */,
				9D74264C25CA572C008D9645 /* aAmbyarSobat.otf in Resources */,
				9D74264425CA5718008D9645 /* screaming_neon.ttf in Resources */,
				9D74264025CA570D008D9645 /* CoolKidFont-Regular.ttf in Resources */,
				9D74267725CA590D008D9645 /* Tomorrow-ExtraBoldItalic.ttf in Resources */,
				9D5613BD259196DE00F1695A /* LaunchScreen.storyboard in Resources */,
				9D8C42BB25C7EFB90039F857 /* PigpenCipher.otf in Resources */,
				9D74267525CA590D008D9645 /* Tomorrow-BlackItalic.ttf in Resources */,
				9D8C42AF25C7BE5C0039F857 /* Settings.bundle in Resources */,
				9D5613B8259196CB00F1695A /* Main.storyboard in Resources */,
			);
			runOnlyForDeploymentPostprocessing = 0;
		};
		9D56138D259195E800F1695A /* Resources */ = {
			isa = PBXResourcesBuildPhase;
			buildActionMask = 2147483647;
			files = (
			);
			runOnlyForDeploymentPostprocessing = 0;
		};
		9D561398259195E800F1695A /* Resources */ = {
			isa = PBXResourcesBuildPhase;
			buildActionMask = 2147483647;
			files = (
			);
			runOnlyForDeploymentPostprocessing = 0;
		};
/* End PBXResourcesBuildPhase section */

/* Begin PBXShellScriptBuildPhase section */
		226275A81363612742FE7189 /* [CP] Check Pods Manifest.lock */ = {
			isa = PBXShellScriptBuildPhase;
			buildActionMask = 2147483647;
			files = (
			);
			inputFileListPaths = (
			);
			inputPaths = (
				"${PODS_PODFILE_DIR_PATH}/Podfile.lock",
				"${PODS_ROOT}/Manifest.lock",
			);
			name = "[CP] Check Pods Manifest.lock";
			outputFileListPaths = (
			);
			outputPaths = (
				"$(DERIVED_FILE_DIR)/Pods-Project Mayhem-Project MayhemUITests-checkManifestLockResult.txt",
			);
			runOnlyForDeploymentPostprocessing = 0;
			shellPath = /bin/sh;
			shellScript = "diff \"${PODS_PODFILE_DIR_PATH}/Podfile.lock\" \"${PODS_ROOT}/Manifest.lock\" > /dev/null\nif [ $? != 0 ] ; then\n    # print error to STDERR\n    echo \"error: The sandbox is not in sync with the Podfile.lock. Run 'pod install' or update your CocoaPods installation.\" >&2\n    exit 1\nfi\n# This output is used by Xcode 'outputs' to avoid re-running this script phase.\necho \"SUCCESS\" > \"${SCRIPT_OUTPUT_FILE_0}\"\n";
			showEnvVarsInLog = 0;
		};
		82AE2A8FFC8CB361BA2742DC /* [CP] Check Pods Manifest.lock */ = {
			isa = PBXShellScriptBuildPhase;
			buildActionMask = 2147483647;
			files = (
			);
			inputFileListPaths = (
			);
			inputPaths = (
				"${PODS_PODFILE_DIR_PATH}/Podfile.lock",
				"${PODS_ROOT}/Manifest.lock",
			);
			name = "[CP] Check Pods Manifest.lock";
			outputFileListPaths = (
			);
			outputPaths = (
				"$(DERIVED_FILE_DIR)/Pods-Project MayhemTests-checkManifestLockResult.txt",
			);
			runOnlyForDeploymentPostprocessing = 0;
			shellPath = /bin/sh;
			shellScript = "diff \"${PODS_PODFILE_DIR_PATH}/Podfile.lock\" \"${PODS_ROOT}/Manifest.lock\" > /dev/null\nif [ $? != 0 ] ; then\n    # print error to STDERR\n    echo \"error: The sandbox is not in sync with the Podfile.lock. Run 'pod install' or update your CocoaPods installation.\" >&2\n    exit 1\nfi\n# This output is used by Xcode 'outputs' to avoid re-running this script phase.\necho \"SUCCESS\" > \"${SCRIPT_OUTPUT_FILE_0}\"\n";
			showEnvVarsInLog = 0;
		};
		E49A3200C02911184E9E32CC /* [CP] Check Pods Manifest.lock */ = {
			isa = PBXShellScriptBuildPhase;
			buildActionMask = 2147483647;
			files = (
			);
			inputFileListPaths = (
			);
			inputPaths = (
				"${PODS_PODFILE_DIR_PATH}/Podfile.lock",
				"${PODS_ROOT}/Manifest.lock",
			);
			name = "[CP] Check Pods Manifest.lock";
			outputFileListPaths = (
			);
			outputPaths = (
				"$(DERIVED_FILE_DIR)/Pods-Project Mayhem-checkManifestLockResult.txt",
			);
			runOnlyForDeploymentPostprocessing = 0;
			shellPath = /bin/sh;
			shellScript = "diff \"${PODS_PODFILE_DIR_PATH}/Podfile.lock\" \"${PODS_ROOT}/Manifest.lock\" > /dev/null\nif [ $? != 0 ] ; then\n    # print error to STDERR\n    echo \"error: The sandbox is not in sync with the Podfile.lock. Run 'pod install' or update your CocoaPods installation.\" >&2\n    exit 1\nfi\n# This output is used by Xcode 'outputs' to avoid re-running this script phase.\necho \"SUCCESS\" > \"${SCRIPT_OUTPUT_FILE_0}\"\n";
			showEnvVarsInLog = 0;
		};
/* End PBXShellScriptBuildPhase section */

/* Begin PBXSourcesBuildPhase section */
		9D56137A259195E600F1695A /* Sources */ = {
			isa = PBXSourcesBuildPhase;
			buildActionMask = 2147483647;
			files = (
				9D5614DE2592A00200F1695A /* Levels.swift in Sources */,
				9D74262425CA41F3008D9645 /* chapter14.swift in Sources */,
				9DEB283425C5D7DF00E3F102 /* chapter9.swift in Sources */,
				9D0C544125C51AA7000EE579 /* UIViewControllerExtensions.swift in Sources */,
				9DBBF73025C279310022FC63 /* chapter5.swift in Sources */,
				9D5614E32592FC5F00F1695A /* CustomButtonOutline.swift in Sources */,
				9DEB282625C54C3A00E3F102 /* chapter6.swift in Sources */,
				9D74262525CA41F3008D9645 /* chapter15.swift in Sources */,
				9DEA6A0625948BBA002A8739 /* chapter2.swift in Sources */,
				9D74262625CA41F3008D9645 /* chapter11.swift in Sources */,
				9DEB282C25C5D78700E3F102 /* chapter7.swift in Sources */,
				9D74262825CA41F3008D9645 /* chapter13.swift in Sources */,
				9D5614202591D1C300F1695A /* MainScreen.swift in Sources */,
				9D561384259195E600F1695A /* ContentView.swift in Sources */,
				9DEA6A0C259515D8002A8739 /* keyboardTemplate.swift in Sources */,
				9D5614302591DC5400F1695A /* AppDelegate.swift in Sources */,
				9DEB283F25C6095000E3F102 /* stringExtensions.swift in Sources */,
				9D74262725CA41F3008D9645 /* chapter12.swift in Sources */,
				9DEA6A3825972495002A8739 /* chapter3.swift in Sources */,
				9DEA6A112595162B002A8739 /* chapterTemplate.swift in Sources */,
				9DEB283825C5D7EE00E3F102 /* chapter10.swift in Sources */,
				9D56140F2591CFFD00F1695A /* CustomButton.swift in Sources */,
				9D5B42C5259C97FB00A4F34A /* animations.swift in Sources */,
				9DEA6A1725951730002A8739 /* foregroundEventTemplate.swift in Sources */,
				9DEB283025C5D7D000E3F102 /* chapter8.swift in Sources */,
				9D0C543D25C50F97000EE579 /* audioKitHelpers.swift in Sources */,
				9D8C42BF25C7F9C30039F857 /* nonPastableTextField.swift in Sources */,
				9D5B42BA259C858100A4F34A /* chapter4.swift in Sources */,
				9D5614E82593153C00F1695A /* chapter1.swift in Sources */,
			);
			runOnlyForDeploymentPostprocessing = 0;
		};
		9D56138B259195E800F1695A /* Sources */ = {
			isa = PBXSourcesBuildPhase;
			buildActionMask = 2147483647;
			files = (
				9D561394259195E800F1695A /* Project_MayhemTests.swift in Sources */,
			);
			runOnlyForDeploymentPostprocessing = 0;
		};
		9D561396259195E800F1695A /* Sources */ = {
			isa = PBXSourcesBuildPhase;
			buildActionMask = 2147483647;
			files = (
				9D56139F259195E800F1695A /* Project_MayhemUITests.swift in Sources */,
			);
			runOnlyForDeploymentPostprocessing = 0;
		};
/* End PBXSourcesBuildPhase section */

/* Begin PBXTargetDependency section */
		9D561391259195E800F1695A /* PBXTargetDependency */ = {
			isa = PBXTargetDependency;
			target = 9D56137D259195E600F1695A /* Project Mayhem */;
			targetProxy = 9D561390259195E800F1695A /* PBXContainerItemProxy */;
		};
		9D56139C259195E800F1695A /* PBXTargetDependency */ = {
			isa = PBXTargetDependency;
			target = 9D56137D259195E600F1695A /* Project Mayhem */;
			targetProxy = 9D56139B259195E800F1695A /* PBXContainerItemProxy */;
		};
/* End PBXTargetDependency section */

/* Begin XCBuildConfiguration section */
		9D5613A1259195E800F1695A /* Debug */ = {
			isa = XCBuildConfiguration;
			buildSettings = {
				ALWAYS_SEARCH_USER_PATHS = NO;
				CLANG_ANALYZER_NONNULL = YES;
				CLANG_ANALYZER_NUMBER_OBJECT_CONVERSION = YES_AGGRESSIVE;
				CLANG_CXX_LANGUAGE_STANDARD = "gnu++14";
				CLANG_CXX_LIBRARY = "libc++";
				CLANG_ENABLE_MODULES = YES;
				CLANG_ENABLE_OBJC_ARC = YES;
				CLANG_ENABLE_OBJC_WEAK = YES;
				CLANG_WARN_BLOCK_CAPTURE_AUTORELEASING = YES;
				CLANG_WARN_BOOL_CONVERSION = YES;
				CLANG_WARN_COMMA = YES;
				CLANG_WARN_CONSTANT_CONVERSION = YES;
				CLANG_WARN_DEPRECATED_OBJC_IMPLEMENTATIONS = YES;
				CLANG_WARN_DIRECT_OBJC_ISA_USAGE = YES_ERROR;
				CLANG_WARN_DOCUMENTATION_COMMENTS = YES;
				CLANG_WARN_EMPTY_BODY = YES;
				CLANG_WARN_ENUM_CONVERSION = YES;
				CLANG_WARN_INFINITE_RECURSION = YES;
				CLANG_WARN_INT_CONVERSION = YES;
				CLANG_WARN_NON_LITERAL_NULL_CONVERSION = YES;
				CLANG_WARN_OBJC_IMPLICIT_RETAIN_SELF = YES;
				CLANG_WARN_OBJC_LITERAL_CONVERSION = YES;
				CLANG_WARN_OBJC_ROOT_CLASS = YES_ERROR;
				CLANG_WARN_QUOTED_INCLUDE_IN_FRAMEWORK_HEADER = YES;
				CLANG_WARN_RANGE_LOOP_ANALYSIS = YES;
				CLANG_WARN_STRICT_PROTOTYPES = YES;
				CLANG_WARN_SUSPICIOUS_MOVE = YES;
				CLANG_WARN_UNGUARDED_AVAILABILITY = YES_AGGRESSIVE;
				CLANG_WARN_UNREACHABLE_CODE = YES;
				CLANG_WARN__DUPLICATE_METHOD_MATCH = YES;
				COPY_PHASE_STRIP = NO;
				DEBUG_INFORMATION_FORMAT = dwarf;
				ENABLE_STRICT_OBJC_MSGSEND = YES;
				ENABLE_TESTABILITY = YES;
				GCC_C_LANGUAGE_STANDARD = gnu11;
				GCC_DYNAMIC_NO_PIC = NO;
				GCC_NO_COMMON_BLOCKS = YES;
				GCC_OPTIMIZATION_LEVEL = 0;
				GCC_PREPROCESSOR_DEFINITIONS = (
					"DEBUG=1",
					"$(inherited)",
				);
				GCC_WARN_64_TO_32_BIT_CONVERSION = YES;
				GCC_WARN_ABOUT_RETURN_TYPE = YES_ERROR;
				GCC_WARN_UNDECLARED_SELECTOR = YES;
				GCC_WARN_UNINITIALIZED_AUTOS = YES_AGGRESSIVE;
				GCC_WARN_UNUSED_FUNCTION = YES;
				GCC_WARN_UNUSED_VARIABLE = YES;
				IPHONEOS_DEPLOYMENT_TARGET = 14.3;
				MTL_ENABLE_DEBUG_INFO = INCLUDE_SOURCE;
				MTL_FAST_MATH = YES;
				ONLY_ACTIVE_ARCH = YES;
				SDKROOT = iphoneos;
				SWIFT_ACTIVE_COMPILATION_CONDITIONS = DEBUG;
				SWIFT_OPTIMIZATION_LEVEL = "-Onone";
			};
			name = Debug;
		};
		9D5613A2259195E800F1695A /* Release */ = {
			isa = XCBuildConfiguration;
			buildSettings = {
				ALWAYS_SEARCH_USER_PATHS = NO;
				CLANG_ANALYZER_NONNULL = YES;
				CLANG_ANALYZER_NUMBER_OBJECT_CONVERSION = YES_AGGRESSIVE;
				CLANG_CXX_LANGUAGE_STANDARD = "gnu++14";
				CLANG_CXX_LIBRARY = "libc++";
				CLANG_ENABLE_MODULES = YES;
				CLANG_ENABLE_OBJC_ARC = YES;
				CLANG_ENABLE_OBJC_WEAK = YES;
				CLANG_WARN_BLOCK_CAPTURE_AUTORELEASING = YES;
				CLANG_WARN_BOOL_CONVERSION = YES;
				CLANG_WARN_COMMA = YES;
				CLANG_WARN_CONSTANT_CONVERSION = YES;
				CLANG_WARN_DEPRECATED_OBJC_IMPLEMENTATIONS = YES;
				CLANG_WARN_DIRECT_OBJC_ISA_USAGE = YES_ERROR;
				CLANG_WARN_DOCUMENTATION_COMMENTS = YES;
				CLANG_WARN_EMPTY_BODY = YES;
				CLANG_WARN_ENUM_CONVERSION = YES;
				CLANG_WARN_INFINITE_RECURSION = YES;
				CLANG_WARN_INT_CONVERSION = YES;
				CLANG_WARN_NON_LITERAL_NULL_CONVERSION = YES;
				CLANG_WARN_OBJC_IMPLICIT_RETAIN_SELF = YES;
				CLANG_WARN_OBJC_LITERAL_CONVERSION = YES;
				CLANG_WARN_OBJC_ROOT_CLASS = YES_ERROR;
				CLANG_WARN_QUOTED_INCLUDE_IN_FRAMEWORK_HEADER = YES;
				CLANG_WARN_RANGE_LOOP_ANALYSIS = YES;
				CLANG_WARN_STRICT_PROTOTYPES = YES;
				CLANG_WARN_SUSPICIOUS_MOVE = YES;
				CLANG_WARN_UNGUARDED_AVAILABILITY = YES_AGGRESSIVE;
				CLANG_WARN_UNREACHABLE_CODE = YES;
				CLANG_WARN__DUPLICATE_METHOD_MATCH = YES;
				COPY_PHASE_STRIP = NO;
				DEBUG_INFORMATION_FORMAT = "dwarf-with-dsym";
				ENABLE_NS_ASSERTIONS = NO;
				ENABLE_STRICT_OBJC_MSGSEND = YES;
				GCC_C_LANGUAGE_STANDARD = gnu11;
				GCC_NO_COMMON_BLOCKS = YES;
				GCC_WARN_64_TO_32_BIT_CONVERSION = YES;
				GCC_WARN_ABOUT_RETURN_TYPE = YES_ERROR;
				GCC_WARN_UNDECLARED_SELECTOR = YES;
				GCC_WARN_UNINITIALIZED_AUTOS = YES_AGGRESSIVE;
				GCC_WARN_UNUSED_FUNCTION = YES;
				GCC_WARN_UNUSED_VARIABLE = YES;
				IPHONEOS_DEPLOYMENT_TARGET = 14.3;
				MTL_ENABLE_DEBUG_INFO = NO;
				MTL_FAST_MATH = YES;
				SDKROOT = iphoneos;
				SWIFT_COMPILATION_MODE = wholemodule;
				SWIFT_OPTIMIZATION_LEVEL = "-O";
				VALIDATE_PRODUCT = YES;
			};
			name = Release;
		};
		9D5613A4259195E800F1695A /* Debug */ = {
			isa = XCBuildConfiguration;
			baseConfigurationReference = C406F0BE2B71DDB27F5FD965 /* Pods-Project Mayhem.debug.xcconfig */;
			buildSettings = {
				ASSETCATALOG_COMPILER_APPICON_NAME = AppIcon;
				ASSETCATALOG_COMPILER_GLOBAL_ACCENT_COLOR_NAME = AccentColor;
				CODE_SIGN_ENTITLEMENTS = "Project Mayhem/Project Mayhem.entitlements";
				CODE_SIGN_IDENTITY = "Apple Development";
				CODE_SIGN_STYLE = Automatic;
				DEVELOPMENT_ASSET_PATHS = "\"Project Mayhem/Preview Content\"";
				DEVELOPMENT_TEAM = 68L233566P;
				ENABLE_PREVIEWS = YES;
				INFOPLIST_FILE = "Project Mayhem/Info.plist";
				IPHONEOS_DEPLOYMENT_TARGET = 14.0;
				LD_RUNPATH_SEARCH_PATHS = (
					"$(inherited)",
					"@executable_path/Frameworks",
				);
				PRODUCT_BUNDLE_IDENTIFIER = com.YushRajKapoor.ProjectMayhem;
				PRODUCT_NAME = "$(TARGET_NAME)";
				PROVISIONING_PROFILE_SPECIFIER = "";
				SWIFT_VERSION = 5.0;
				TARGETED_DEVICE_FAMILY = 1;
			};
			name = Debug;
		};
		9D5613A5259195E800F1695A /* Release */ = {
			isa = XCBuildConfiguration;
			baseConfigurationReference = 5DDC00304681805AA8BFE16B /* Pods-Project Mayhem.release.xcconfig */;
			buildSettings = {
				ASSETCATALOG_COMPILER_APPICON_NAME = AppIcon;
				ASSETCATALOG_COMPILER_GLOBAL_ACCENT_COLOR_NAME = AccentColor;
				CODE_SIGN_ENTITLEMENTS = "Project Mayhem/Project Mayhem.entitlements";
				CODE_SIGN_IDENTITY = "Apple Development";
				CODE_SIGN_STYLE = Automatic;
				DEVELOPMENT_ASSET_PATHS = "\"Project Mayhem/Preview Content\"";
				DEVELOPMENT_TEAM = 68L233566P;
				ENABLE_PREVIEWS = YES;
				INFOPLIST_FILE = "Project Mayhem/Info.plist";
				IPHONEOS_DEPLOYMENT_TARGET = 14.0;
				LD_RUNPATH_SEARCH_PATHS = (
					"$(inherited)",
					"@executable_path/Frameworks",
				);
				PRODUCT_BUNDLE_IDENTIFIER = com.YushRajKapoor.ProjectMayhem;
				PRODUCT_NAME = "$(TARGET_NAME)";
				PROVISIONING_PROFILE_SPECIFIER = "";
				SWIFT_VERSION = 5.0;
				TARGETED_DEVICE_FAMILY = 1;
			};
			name = Release;
		};
		9D5613A7259195E800F1695A /* Debug */ = {
			isa = XCBuildConfiguration;
			baseConfigurationReference = BE26DA8EA970DBADE6E35441 /* Pods-Project MayhemTests.debug.xcconfig */;
			buildSettings = {
				ALWAYS_EMBED_SWIFT_STANDARD_LIBRARIES = YES;
				BUNDLE_LOADER = "$(TEST_HOST)";
				CODE_SIGN_STYLE = Automatic;
				INFOPLIST_FILE = "Project MayhemTests/Info.plist";
				IPHONEOS_DEPLOYMENT_TARGET = 14.0;
				LD_RUNPATH_SEARCH_PATHS = (
					"$(inherited)",
					"@executable_path/Frameworks",
					"@loader_path/Frameworks",
				);
				PRODUCT_BUNDLE_IDENTIFIER = "com.YushRajKapoor.Project-MayhemTests";
				PRODUCT_NAME = "$(TARGET_NAME)";
				SWIFT_VERSION = 5.0;
				TARGETED_DEVICE_FAMILY = "1,2";
				TEST_HOST = "$(BUILT_PRODUCTS_DIR)/Project Mayhem.app/Project Mayhem";
			};
			name = Debug;
		};
		9D5613A8259195E800F1695A /* Release */ = {
			isa = XCBuildConfiguration;
			baseConfigurationReference = ABED7CDB4229742E6FEF7134 /* Pods-Project MayhemTests.release.xcconfig */;
			buildSettings = {
				ALWAYS_EMBED_SWIFT_STANDARD_LIBRARIES = YES;
				BUNDLE_LOADER = "$(TEST_HOST)";
				CODE_SIGN_STYLE = Automatic;
				INFOPLIST_FILE = "Project MayhemTests/Info.plist";
				IPHONEOS_DEPLOYMENT_TARGET = 14.0;
				LD_RUNPATH_SEARCH_PATHS = (
					"$(inherited)",
					"@executable_path/Frameworks",
					"@loader_path/Frameworks",
				);
				PRODUCT_BUNDLE_IDENTIFIER = "com.YushRajKapoor.Project-MayhemTests";
				PRODUCT_NAME = "$(TARGET_NAME)";
				SWIFT_VERSION = 5.0;
				TARGETED_DEVICE_FAMILY = "1,2";
				TEST_HOST = "$(BUILT_PRODUCTS_DIR)/Project Mayhem.app/Project Mayhem";
			};
			name = Release;
		};
		9D5613AA259195E800F1695A /* Debug */ = {
			isa = XCBuildConfiguration;
			baseConfigurationReference = E4628540A99DB5EC6AC5EDDB /* Pods-Project Mayhem-Project MayhemUITests.debug.xcconfig */;
			buildSettings = {
				ALWAYS_EMBED_SWIFT_STANDARD_LIBRARIES = YES;
				CODE_SIGN_STYLE = Automatic;
				INFOPLIST_FILE = "Project MayhemUITests/Info.plist";
				LD_RUNPATH_SEARCH_PATHS = (
					"$(inherited)",
					"@executable_path/Frameworks",
					"@loader_path/Frameworks",
				);
				PRODUCT_BUNDLE_IDENTIFIER = "com.YushRajKapoor.Project-MayhemUITests";
				PRODUCT_NAME = "$(TARGET_NAME)";
				SWIFT_VERSION = 5.0;
				TARGETED_DEVICE_FAMILY = "1,2";
				TEST_TARGET_NAME = "Project Mayhem";
			};
			name = Debug;
		};
		9D5613AB259195E800F1695A /* Release */ = {
			isa = XCBuildConfiguration;
			baseConfigurationReference = 99C48B6A29085A842D6E6AF6 /* Pods-Project Mayhem-Project MayhemUITests.release.xcconfig */;
			buildSettings = {
				ALWAYS_EMBED_SWIFT_STANDARD_LIBRARIES = YES;
				CODE_SIGN_STYLE = Automatic;
				INFOPLIST_FILE = "Project MayhemUITests/Info.plist";
				LD_RUNPATH_SEARCH_PATHS = (
					"$(inherited)",
					"@executable_path/Frameworks",
					"@loader_path/Frameworks",
				);
				PRODUCT_BUNDLE_IDENTIFIER = "com.YushRajKapoor.Project-MayhemUITests";
				PRODUCT_NAME = "$(TARGET_NAME)";
				SWIFT_VERSION = 5.0;
				TARGETED_DEVICE_FAMILY = "1,2";
				TEST_TARGET_NAME = "Project Mayhem";
			};
			name = Release;
		};
/* End XCBuildConfiguration section */

/* Begin XCConfigurationList section */
		9D561379259195E600F1695A /* Build configuration list for PBXProject "Project Mayhem" */ = {
			isa = XCConfigurationList;
			buildConfigurations = (
				9D5613A1259195E800F1695A /* Debug */,
				9D5613A2259195E800F1695A /* Release */,
			);
			defaultConfigurationIsVisible = 0;
			defaultConfigurationName = Release;
		};
		9D5613A3259195E800F1695A /* Build configuration list for PBXNativeTarget "Project Mayhem" */ = {
			isa = XCConfigurationList;
			buildConfigurations = (
				9D5613A4259195E800F1695A /* Debug */,
				9D5613A5259195E800F1695A /* Release */,
			);
			defaultConfigurationIsVisible = 0;
			defaultConfigurationName = Release;
		};
		9D5613A6259195E800F1695A /* Build configuration list for PBXNativeTarget "Project MayhemTests" */ = {
			isa = XCConfigurationList;
			buildConfigurations = (
				9D5613A7259195E800F1695A /* Debug */,
				9D5613A8259195E800F1695A /* Release */,
			);
			defaultConfigurationIsVisible = 0;
			defaultConfigurationName = Release;
		};
		9D5613A9259195E800F1695A /* Build configuration list for PBXNativeTarget "Project MayhemUITests" */ = {
			isa = XCConfigurationList;
			buildConfigurations = (
				9D5613AA259195E800F1695A /* Debug */,
				9D5613AB259195E800F1695A /* Release */,
			);
			defaultConfigurationIsVisible = 0;
			defaultConfigurationName = Release;
		};
/* End XCConfigurationList section */

/* Begin XCRemoteSwiftPackageReference section */
		9D0C53A625C4EE13000EE579 /* XCRemoteSwiftPackageReference "AudioKit" */ = {
			isa = XCRemoteSwiftPackageReference;
			repositoryURL = "https://github.com/AudioKit/AudioKit";
			requirement = {
				branch = "v5-main";
				kind = branch;
			};
		};
/* End XCRemoteSwiftPackageReference section */

/* Begin XCSwiftPackageProductDependency section */
		9D0C53A725C4EE13000EE579 /* AudioKit */ = {
			isa = XCSwiftPackageProductDependency;
			package = 9D0C53A625C4EE13000EE579 /* XCRemoteSwiftPackageReference "AudioKit" */;
			productName = AudioKit;
		};
/* End XCSwiftPackageProductDependency section */
	};
	rootObject = 9D561376259195E600F1695A /* Project object */;
}
