// !$*UTF8*$!
{
	archiveVersion = 1;
	classes = {
	};
	objectVersion = 52;
	objects = {

/* Begin PBXBuildFile section */
		19F1993079BC97855BD836DC /* Pods_Project_Mayhem_Project_MayhemUITests.framework in Frameworks */ = {isa = PBXBuildFile; fileRef = 0242F01F7E6A02F86D5841CC /* Pods_Project_Mayhem_Project_MayhemUITests.framework */; };
		263FC3A458154C34A38D1B60 /* Pods_Project_MayhemTests.framework in Frameworks */ = {isa = PBXBuildFile; fileRef = C2DD489C64146A8EBCA6C780 /* Pods_Project_MayhemTests.framework */; };
		9D0B0AD425FEBA3100C3B1F5 /* CloudKit.framework in Frameworks */ = {isa = PBXBuildFile; fileRef = 9D0B0AD325FEBA3100C3B1F5 /* CloudKit.framework */; };
		9D0B0ADE25FEE3CD00C3B1F5 /* Between0And1.m4a in Resources */ = {isa = PBXBuildFile; fileRef = 9D0B0ADD25FEE3CD00C3B1F5 /* Between0And1.m4a */; };
		9D0C543D25C50F97000EE579 /* audioKitHelpers.swift in Sources */ = {isa = PBXBuildFile; fileRef = 9D0C543C25C50F97000EE579 /* audioKitHelpers.swift */; };
		9D0C544125C51AA7000EE579 /* UIViewControllerExtensions.swift in Sources */ = {isa = PBXBuildFile; fileRef = 9D0C544025C51AA7000EE579 /* UIViewControllerExtensions.swift */; };
		9D150276260EDF7700A767C3 /* StoreKit.framework in Frameworks */ = {isa = PBXBuildFile; fileRef = 9D150275260EDF7700A767C3 /* StoreKit.framework */; };
		9D15027A260EE08200A767C3 /* ProjectMayhemProducts.swift in Sources */ = {isa = PBXBuildFile; fileRef = 9D150279260EE08200A767C3 /* ProjectMayhemProducts.swift */; };
		9D150280260EE0A700A767C3 /* IAPHelper.swift in Sources */ = {isa = PBXBuildFile; fileRef = 9D15027F260EE0A700A767C3 /* IAPHelper.swift */; };
		9D150287260EF5FB00A767C3 /* unlockAllLevels.swift in Sources */ = {isa = PBXBuildFile; fileRef = 9D150286260EF5FB00A767C3 /* unlockAllLevels.swift */; };
		9D1502AF260F0BB300A767C3 /* CheckInternet.swift in Sources */ = {isa = PBXBuildFile; fileRef = 9D1502AE260F0BB300A767C3 /* CheckInternet.swift */; };
		9D18487D25D7A7B7007960C0 /* HintAlert.swift in Sources */ = {isa = PBXBuildFile; fileRef = 9D18487C25D7A7B7007960C0 /* HintAlert.swift */; };
		9D3848D725F46C4E00B23F76 /* lvl7IntroCompressed.mov in Resources */ = {isa = PBXBuildFile; fileRef = 9D3848D525F46C4E00B23F76 /* lvl7IntroCompressed.mov */; };
		9D3848D825F46C4E00B23F76 /* lvl7OutroCompressed.mov in Resources */ = {isa = PBXBuildFile; fileRef = 9D3848D625F46C4E00B23F76 /* lvl7OutroCompressed.mov */; };
		9D420EBB25DF02AF00A3A13D /* globalFunctions.swift in Sources */ = {isa = PBXBuildFile; fileRef = 9D420EBA25DF02AF00A3A13D /* globalFunctions.swift */; };
		9D438CB125E5E201005CC20A /* Chap1IntroCompressed.mov in Resources */ = {isa = PBXBuildFile; fileRef = 9D438CB025E5E201005CC20A /* Chap1IntroCompressed.mov */; };
		9D438CB925E6015F005CC20A /* postChapter15.swift in Sources */ = {isa = PBXBuildFile; fileRef = 9D438CB825E6015F005CC20A /* postChapter15.swift */; };
		9D4BFC6925DE41260013D840 /* subChapter11.swift in Sources */ = {isa = PBXBuildFile; fileRef = 9D4BFC6825DE41260013D840 /* subChapter11.swift */; };
		9D4BFC7525DE5FF00013D840 /* PlayerView.swift in Sources */ = {isa = PBXBuildFile; fileRef = 9D4BFC7425DE5FF00013D840 /* PlayerView.swift */; };
		9D4BFC7925DE600C0013D840 /* VideoPlayer.swift in Sources */ = {isa = PBXBuildFile; fileRef = 9D4BFC7825DE600C0013D840 /* VideoPlayer.swift */; };
		9D561384259195E600F1695A /* ContentView.swift in Sources */ = {isa = PBXBuildFile; fileRef = 9D561383259195E600F1695A /* ContentView.swift */; };
		9D561386259195E700F1695A /* Assets.xcassets in Resources */ = {isa = PBXBuildFile; fileRef = 9D561385259195E700F1695A /* Assets.xcassets */; };
		9D561389259195E700F1695A /* Preview Assets.xcassets in Resources */ = {isa = PBXBuildFile; fileRef = 9D561388259195E700F1695A /* Preview Assets.xcassets */; };
		9D561394259195E800F1695A /* Project_MayhemTests.swift in Sources */ = {isa = PBXBuildFile; fileRef = 9D561393259195E800F1695A /* Project_MayhemTests.swift */; };
		9D56139F259195E800F1695A /* Project_MayhemUITests.swift in Sources */ = {isa = PBXBuildFile; fileRef = 9D56139E259195E800F1695A /* Project_MayhemUITests.swift */; };
		9D5613B8259196CB00F1695A /* Main.storyboard in Resources */ = {isa = PBXBuildFile; fileRef = 9D5613B7259196CB00F1695A /* Main.storyboard */; };
		9D5613BD259196DE00F1695A /* LaunchScreen.storyboard in Resources */ = {isa = PBXBuildFile; fileRef = 9D5613BC259196DE00F1695A /* LaunchScreen.storyboard */; };
		9D56140F2591CFFD00F1695A /* CustomButton.swift in Sources */ = {isa = PBXBuildFile; fileRef = 9D56140E2591CFFD00F1695A /* CustomButton.swift */; };
		9D5614202591D1C300F1695A /* MainScreen.swift in Sources */ = {isa = PBXBuildFile; fileRef = 9D56141F2591D1C300F1695A /* MainScreen.swift */; };
		9D5614302591DC5400F1695A /* AppDelegate.swift in Sources */ = {isa = PBXBuildFile; fileRef = 9D56142F2591DC5400F1695A /* AppDelegate.swift */; };
		9D5614DE2592A00200F1695A /* Levels.swift in Sources */ = {isa = PBXBuildFile; fileRef = 9D5614DD2592A00200F1695A /* Levels.swift */; };
		9D5614E32592FC5F00F1695A /* CustomButtonOutline.swift in Sources */ = {isa = PBXBuildFile; fileRef = 9D5614E22592FC5F00F1695A /* CustomButtonOutline.swift */; };
		9D5614E82593153C00F1695A /* chapter1.swift in Sources */ = {isa = PBXBuildFile; fileRef = 9D5614E72593153C00F1695A /* chapter1.swift */; };
		9D5B42BA259C858100A4F34A /* chapter4.swift in Sources */ = {isa = PBXBuildFile; fileRef = 9D5B42B9259C858100A4F34A /* chapter4.swift */; };
		9D5B42C5259C97FB00A4F34A /* animations.swift in Sources */ = {isa = PBXBuildFile; fileRef = 9D5B42C4259C97FB00A4F34A /* animations.swift */; };
		9D6762FA2618534D005E9346 /* GoogleService-Info.plist in Resources */ = {isa = PBXBuildFile; fileRef = 9D6762F92618534D005E9346 /* GoogleService-Info.plist */; };
		9D6C28E725DCCC950039D12C /* MessageAlert.swift in Sources */ = {isa = PBXBuildFile; fileRef = 9D6C28E625DCCC950039D12C /* MessageAlert.swift */; };
		9D6C28EB25DCD8330039D12C /* messageTemplate.swift in Sources */ = {isa = PBXBuildFile; fileRef = 9D6C28EA25DCD8330039D12C /* messageTemplate.swift */; };
		9D6C704925ECD47800E8CF6C /* speechModule.swift in Sources */ = {isa = PBXBuildFile; fileRef = 9D6C704825ECD47800E8CF6C /* speechModule.swift */; };
		9D6C705725EE082400E8CF6C /* Credits.swift in Sources */ = {isa = PBXBuildFile; fileRef = 9D6C705625EE082400E8CF6C /* Credits.swift */; };
		9D6E493625EE12EF00B09E8A /* MusicPlayer.swift in Sources */ = {isa = PBXBuildFile; fileRef = 9D6E493525EE12EF00B09E8A /* MusicPlayer.swift */; };
		9D73428725ECBDD70003D563 /* subPostChapter15Compressed.mov in Resources */ = {isa = PBXBuildFile; fileRef = 9D73428625ECBDD70003D563 /* subPostChapter15Compressed.mov */; };
		9D74262425CA41F3008D9645 /* chapter14.swift in Sources */ = {isa = PBXBuildFile; fileRef = 9D74261F25CA41F3008D9645 /* chapter14.swift */; };
		9D74262525CA41F3008D9645 /* chapter15.swift in Sources */ = {isa = PBXBuildFile; fileRef = 9D74262025CA41F3008D9645 /* chapter15.swift */; };
		9D74262625CA41F3008D9645 /* chapter11.swift in Sources */ = {isa = PBXBuildFile; fileRef = 9D74262125CA41F3008D9645 /* chapter11.swift */; };
		9D74262725CA41F3008D9645 /* chapter12.swift in Sources */ = {isa = PBXBuildFile; fileRef = 9D74262225CA41F3008D9645 /* chapter12.swift */; };
		9D74262825CA41F3008D9645 /* chapter13.swift in Sources */ = {isa = PBXBuildFile; fileRef = 9D74262325CA41F3008D9645 /* chapter13.swift */; };
		9D7DE96025E786C200F80990 /* ProjectVenomTrailerCompressed.mov in Resources */ = {isa = PBXBuildFile; fileRef = 9D7DE95F25E786C200F80990 /* ProjectVenomTrailerCompressed.mov */; };
		9D7DE96425E78C4900F80990 /* VenomPreview.swift in Sources */ = {isa = PBXBuildFile; fileRef = 9D7DE96325E78C4900F80990 /* VenomPreview.swift */; };
		9D8B292A25DC187D007750DF /* UIColorExtension.swift in Sources */ = {isa = PBXBuildFile; fileRef = 9D8B292925DC187D007750DF /* UIColorExtension.swift */; };
		9D8B292E25DC189A007750DF /* CALayerExtension.swift in Sources */ = {isa = PBXBuildFile; fileRef = 9D8B292D25DC189A007750DF /* CALayerExtension.swift */; };
		9D8C42AF25C7BE5C0039F857 /* Settings.bundle in Resources */ = {isa = PBXBuildFile; fileRef = 9D8C42AE25C7BE5C0039F857 /* Settings.bundle */; };
		9D8C42BF25C7F9C30039F857 /* nonPastableTextField.swift in Sources */ = {isa = PBXBuildFile; fileRef = 9D8C42BE25C7F9C30039F857 /* nonPastableTextField.swift */; };
		9D92875A25F86DD7005170A1 /* AudioKit in Frameworks */ = {isa = PBXBuildFile; productRef = 9D92875925F86DD7005170A1 /* AudioKit */; };
		9D92877625F86F44005170A1 /* OneSignal in Frameworks */ = {isa = PBXBuildFile; productRef = 9D92877525F86F44005170A1 /* OneSignal */; };
		9D9287C025F8711F005170A1 /* NotificationService.swift in Sources */ = {isa = PBXBuildFile; fileRef = 9D9287BF25F8711F005170A1 /* NotificationService.swift */; };
		9D9287C425F8711F005170A1 /* OneSignalNotificationServiceExtension.appex in Embed App Extensions */ = {isa = PBXBuildFile; fileRef = 9D9287BD25F8711F005170A1 /* OneSignalNotificationServiceExtension.appex */; settings = {ATTRIBUTES = (RemoveHeadersOnCopy, ); }; };
		9D9AA5C125F793D300C1493A /* Tomorrow.ttf in Resources */ = {isa = PBXBuildFile; fileRef = 9D9AA5AF25F793D200C1493A /* Tomorrow.ttf */; };
		9DA2E9BD25F0451600262638 /* audioExtensions.swift in Sources */ = {isa = PBXBuildFile; fileRef = 9DA2E9BC25F0451600262638 /* audioExtensions.swift */; };
		9DA2E9D025F09C6000262638 /* NoisyWalk.ttf in Resources */ = {isa = PBXBuildFile; fileRef = 9DA2E9C825F09C6000262638 /* NoisyWalk.ttf */; };
		9DA2E9D125F09C6000262638 /* PigpenCipher.otf in Resources */ = {isa = PBXBuildFile; fileRef = 9DA2E9C925F09C6000262638 /* PigpenCipher.otf */; };
		9DA2E9D225F09C6000262638 /* CoolKidFont.ttf in Resources */ = {isa = PBXBuildFile; fileRef = 9DA2E9CA25F09C6000262638 /* CoolKidFont.ttf */; };
		9DA2E9D325F09C6000262638 /* aAmbyarSobat.ttf in Resources */ = {isa = PBXBuildFile; fileRef = 9DA2E9CB25F09C6000262638 /* aAmbyarSobat.ttf */; };
		9DA2E9D525F09C6000262638 /* Adonay.ttf in Resources */ = {isa = PBXBuildFile; fileRef = 9DA2E9CD25F09C6000262638 /* Adonay.ttf */; };
		9DA2E9D625F09C6000262638 /* astro.ttf in Resources */ = {isa = PBXBuildFile; fileRef = 9DA2E9CE25F09C6000262638 /* astro.ttf */; };
		9DA2E9D725F09C6000262638 /* screaming_neon.ttf in Resources */ = {isa = PBXBuildFile; fileRef = 9DA2E9CF25F09C6000262638 /* screaming_neon.ttf */; };
		9DB0749B25DE156200515283 /* NameQuery.swift in Sources */ = {isa = PBXBuildFile; fileRef = 9DB0749A25DE156200515283 /* NameQuery.swift */; };
		9DB074A625DE1E1700515283 /* subChapter1.swift in Sources */ = {isa = PBXBuildFile; fileRef = 9DB074A525DE1E1700515283 /* subChapter1.swift */; };
		9DBBF73025C279310022FC63 /* chapter5.swift in Sources */ = {isa = PBXBuildFile; fileRef = 9DBBF72F25C279310022FC63 /* chapter5.swift */; };
		9DBEB540261996E000EFF309 /* betterHints.swift in Sources */ = {isa = PBXBuildFile; fileRef = 9DBEB53F261996DF00EFF309 /* betterHints.swift */; };
		9DBEB54A261AE91B00EFF309 /* Glitch.wav in Resources */ = {isa = PBXBuildFile; fileRef = 9DBEB549261AE91B00EFF309 /* Glitch.wav */; };
		9DD618E725E62BB20036089B /* ProjectVenomTrailer.swift in Sources */ = {isa = PBXBuildFile; fileRef = 9DD618E625E62BB20036089B /* ProjectVenomTrailer.swift */; };
		9DD618EB25E62BCE0036089B /* videoTemplate.swift in Sources */ = {isa = PBXBuildFile; fileRef = 9DD618EA25E62BCE0036089B /* videoTemplate.swift */; };
		9DD618EF25E62EBC0036089B /* subPostChapter15.swift in Sources */ = {isa = PBXBuildFile; fileRef = 9DD618EE25E62EBC0036089B /* subPostChapter15.swift */; };
		9DEA6A0625948BBA002A8739 /* chapter2.swift in Sources */ = {isa = PBXBuildFile; fileRef = 9DEA6A0525948BBA002A8739 /* chapter2.swift */; };
		9DEA6A0C259515D8002A8739 /* keyboardTemplate.swift in Sources */ = {isa = PBXBuildFile; fileRef = 9DEA6A0B259515D8002A8739 /* keyboardTemplate.swift */; };
		9DEA6A112595162B002A8739 /* chapterTemplate.swift in Sources */ = {isa = PBXBuildFile; fileRef = 9DEA6A102595162B002A8739 /* chapterTemplate.swift */; };
		9DEA6A1725951730002A8739 /* foregroundEventTemplate.swift in Sources */ = {isa = PBXBuildFile; fileRef = 9DEA6A1625951730002A8739 /* foregroundEventTemplate.swift */; };
		9DEA6A3825972495002A8739 /* chapter3.swift in Sources */ = {isa = PBXBuildFile; fileRef = 9DEA6A3725972495002A8739 /* chapter3.swift */; };
		9DEB282625C54C3A00E3F102 /* chapter6.swift in Sources */ = {isa = PBXBuildFile; fileRef = 9DEB282525C54C3A00E3F102 /* chapter6.swift */; };
		9DEB282C25C5D78700E3F102 /* chapter7.swift in Sources */ = {isa = PBXBuildFile; fileRef = 9DEB282B25C5D78700E3F102 /* chapter7.swift */; };
		9DEB283025C5D7D000E3F102 /* chapter8.swift in Sources */ = {isa = PBXBuildFile; fileRef = 9DEB282F25C5D7D000E3F102 /* chapter8.swift */; };
		9DEB283425C5D7DF00E3F102 /* chapter9.swift in Sources */ = {isa = PBXBuildFile; fileRef = 9DEB283325C5D7DF00E3F102 /* chapter9.swift */; };
		9DEB283825C5D7EE00E3F102 /* chapter10.swift in Sources */ = {isa = PBXBuildFile; fileRef = 9DEB283725C5D7EE00E3F102 /* chapter10.swift */; };
		9DEB283F25C6095000E3F102 /* stringExtensions.swift in Sources */ = {isa = PBXBuildFile; fileRef = 9DEB283E25C6095000E3F102 /* stringExtensions.swift */; };
		9DF618BF25F71F910057CFA6 /* postCredits.swift in Sources */ = {isa = PBXBuildFile; fileRef = 9DF618BE25F71F910057CFA6 /* postCredits.swift */; };
		E2505288EFF76A1DDA749D72 /* Pods_Project_Mayhem.framework in Frameworks */ = {isa = PBXBuildFile; fileRef = 5958026C5D2F6C3DC84AFE66 /* Pods_Project_Mayhem.framework */; };
		FD47823D2D08F490D7F4789D /* Pods_OneSignalNotificationServiceExtension.framework in Frameworks */ = {isa = PBXBuildFile; fileRef = 2AA473EAB9A9BD82678A69E9 /* Pods_OneSignalNotificationServiceExtension.framework */; };
/* End PBXBuildFile section */

/* Begin PBXContainerItemProxy section */
		9D561390259195E800F1695A /* PBXContainerItemProxy */ = {
			isa = PBXContainerItemProxy;
			containerPortal = 9D561376259195E600F1695A /* Project object */;
			proxyType = 1;
			remoteGlobalIDString = 9D56137D259195E600F1695A;
			remoteInfo = "Project Mayhem";
		};
		9D56139B259195E800F1695A /* PBXContainerItemProxy */ = {
			isa = PBXContainerItemProxy;
			containerPortal = 9D561376259195E600F1695A /* Project object */;
			proxyType = 1;
			remoteGlobalIDString = 9D56137D259195E600F1695A;
			remoteInfo = "Project Mayhem";
		};
		9D9287C225F8711F005170A1 /* PBXContainerItemProxy */ = {
			isa = PBXContainerItemProxy;
			containerPortal = 9D561376259195E600F1695A /* Project object */;
			proxyType = 1;
			remoteGlobalIDString = 9D9287BC25F8711F005170A1;
			remoteInfo = OneSignalNotificationServiceExtension;
		};
/* End PBXContainerItemProxy section */

/* Begin PBXCopyFilesBuildPhase section */
		9D38491425F4B1E100B23F76 /* Embed App Extensions */ = {
			isa = PBXCopyFilesBuildPhase;
			buildActionMask = 12;
			dstPath = "";
			dstSubfolderSpec = 13;
			files = (
				9D9287C425F8711F005170A1 /* OneSignalNotificationServiceExtension.appex in Embed App Extensions */,
			);
			name = "Embed App Extensions";
			runOnlyForDeploymentPostprocessing = 0;
		};
/* End PBXCopyFilesBuildPhase section */

/* Begin PBXFileReference section */
		0242F01F7E6A02F86D5841CC /* Pods_Project_Mayhem_Project_MayhemUITests.framework */ = {isa = PBXFileReference; explicitFileType = wrapper.framework; includeInIndex = 0; path = Pods_Project_Mayhem_Project_MayhemUITests.framework; sourceTree = BUILT_PRODUCTS_DIR; };
		0C97B9B4B38A9709728AA51A /* Pods-Project Mayhem.release.xcconfig */ = {isa = PBXFileReference; includeInIndex = 1; lastKnownFileType = text.xcconfig; name = "Pods-Project Mayhem.release.xcconfig"; path = "Target Support Files/Pods-Project Mayhem/Pods-Project Mayhem.release.xcconfig"; sourceTree = "<group>"; };
		2AA473EAB9A9BD82678A69E9 /* Pods_OneSignalNotificationServiceExtension.framework */ = {isa = PBXFileReference; explicitFileType = wrapper.framework; includeInIndex = 0; path = Pods_OneSignalNotificationServiceExtension.framework; sourceTree = BUILT_PRODUCTS_DIR; };
		5958026C5D2F6C3DC84AFE66 /* Pods_Project_Mayhem.framework */ = {isa = PBXFileReference; explicitFileType = wrapper.framework; includeInIndex = 0; path = Pods_Project_Mayhem.framework; sourceTree = BUILT_PRODUCTS_DIR; };
		674BF2874D4771AFD821F011 /* Pods-Project Mayhem-Project MayhemUITests.debug.xcconfig */ = {isa = PBXFileReference; includeInIndex = 1; lastKnownFileType = text.xcconfig; name = "Pods-Project Mayhem-Project MayhemUITests.debug.xcconfig"; path = "Target Support Files/Pods-Project Mayhem-Project MayhemUITests/Pods-Project Mayhem-Project MayhemUITests.debug.xcconfig"; sourceTree = "<group>"; };
		69DCB3ABA5F8A93C3B7816A5 /* Pods-OneSignalNotificationServiceExtension.debug.xcconfig */ = {isa = PBXFileReference; includeInIndex = 1; lastKnownFileType = text.xcconfig; name = "Pods-OneSignalNotificationServiceExtension.debug.xcconfig"; path = "Target Support Files/Pods-OneSignalNotificationServiceExtension/Pods-OneSignalNotificationServiceExtension.debug.xcconfig"; sourceTree = "<group>"; };
		8651C7C4598121AB353B4AFD /* Pods-Project Mayhem-Project MayhemUITests.release.xcconfig */ = {isa = PBXFileReference; includeInIndex = 1; lastKnownFileType = text.xcconfig; name = "Pods-Project Mayhem-Project MayhemUITests.release.xcconfig"; path = "Target Support Files/Pods-Project Mayhem-Project MayhemUITests/Pods-Project Mayhem-Project MayhemUITests.release.xcconfig"; sourceTree = "<group>"; };
		8DA48B1D6AE8DCFB2B38AEBA /* Pods-OneSignalNotificationServiceExtension.release.xcconfig */ = {isa = PBXFileReference; includeInIndex = 1; lastKnownFileType = text.xcconfig; name = "Pods-OneSignalNotificationServiceExtension.release.xcconfig"; path = "Target Support Files/Pods-OneSignalNotificationServiceExtension/Pods-OneSignalNotificationServiceExtension.release.xcconfig"; sourceTree = "<group>"; };
		982AFC4E8D04CDD115E37879 /* Pods-Project MayhemTests.debug.xcconfig */ = {isa = PBXFileReference; includeInIndex = 1; lastKnownFileType = text.xcconfig; name = "Pods-Project MayhemTests.debug.xcconfig"; path = "Target Support Files/Pods-Project MayhemTests/Pods-Project MayhemTests.debug.xcconfig"; sourceTree = "<group>"; };
		9D0B057325C8B0DF00DB47CF /* Project Mayhem.entitlements */ = {isa = PBXFileReference; lastKnownFileType = text.plist.entitlements; path = "Project Mayhem.entitlements"; sourceTree = "<group>"; };
		9D0B0AD325FEBA3100C3B1F5 /* CloudKit.framework */ = {isa = PBXFileReference; lastKnownFileType = wrapper.framework; name = CloudKit.framework; path = System/Library/Frameworks/CloudKit.framework; sourceTree = SDKROOT; };
		9D0B0ADD25FEE3CD00C3B1F5 /* Between0And1.m4a */ = {isa = PBXFileReference; lastKnownFileType = file; path = Between0And1.m4a; sourceTree = "<group>"; };
		9D0C543C25C50F97000EE579 /* audioKitHelpers.swift */ = {isa = PBXFileReference; lastKnownFileType = sourcecode.swift; path = audioKitHelpers.swift; sourceTree = "<group>"; };
		9D0C544025C51AA7000EE579 /* UIViewControllerExtensions.swift */ = {isa = PBXFileReference; lastKnownFileType = sourcecode.swift; path = UIViewControllerExtensions.swift; sourceTree = "<group>"; };
		9D150275260EDF7700A767C3 /* StoreKit.framework */ = {isa = PBXFileReference; lastKnownFileType = wrapper.framework; name = StoreKit.framework; path = System/Library/Frameworks/StoreKit.framework; sourceTree = SDKROOT; };
		9D150279260EE08200A767C3 /* ProjectMayhemProducts.swift */ = {isa = PBXFileReference; lastKnownFileType = sourcecode.swift; path = ProjectMayhemProducts.swift; sourceTree = "<group>"; };
		9D15027F260EE0A700A767C3 /* IAPHelper.swift */ = {isa = PBXFileReference; lastKnownFileType = sourcecode.swift; path = IAPHelper.swift; sourceTree = "<group>"; };
		9D150286260EF5FB00A767C3 /* unlockAllLevels.swift */ = {isa = PBXFileReference; lastKnownFileType = sourcecode.swift; path = unlockAllLevels.swift; sourceTree = "<group>"; };
		9D1502AE260F0BB300A767C3 /* CheckInternet.swift */ = {isa = PBXFileReference; lastKnownFileType = sourcecode.swift; path = CheckInternet.swift; sourceTree = "<group>"; };
		9D1502F02611107100A767C3 /* AdSupport.framework */ = {isa = PBXFileReference; lastKnownFileType = wrapper.framework; name = AdSupport.framework; path = System/Library/Frameworks/AdSupport.framework; sourceTree = SDKROOT; };
		9D1502F22611108D00A767C3 /* iAd.framework */ = {isa = PBXFileReference; lastKnownFileType = wrapper.framework; name = iAd.framework; path = System/Library/Frameworks/iAd.framework; sourceTree = SDKROOT; };
		9D18487C25D7A7B7007960C0 /* HintAlert.swift */ = {isa = PBXFileReference; lastKnownFileType = sourcecode.swift; path = HintAlert.swift; sourceTree = "<group>"; };
		9D3848D525F46C4E00B23F76 /* lvl7IntroCompressed.mov */ = {isa = PBXFileReference; lastKnownFileType = video.quicktime; path = lvl7IntroCompressed.mov; sourceTree = "<group>"; };
		9D3848D625F46C4E00B23F76 /* lvl7OutroCompressed.mov */ = {isa = PBXFileReference; lastKnownFileType = video.quicktime; path = lvl7OutroCompressed.mov; sourceTree = "<group>"; };
		9D420EBA25DF02AF00A3A13D /* globalFunctions.swift */ = {isa = PBXFileReference; lastKnownFileType = sourcecode.swift; path = globalFunctions.swift; sourceTree = "<group>"; };
		9D438CB025E5E201005CC20A /* Chap1IntroCompressed.mov */ = {isa = PBXFileReference; lastKnownFileType = video.quicktime; path = Chap1IntroCompressed.mov; sourceTree = "<group>"; };
		9D438CB825E6015F005CC20A /* postChapter15.swift */ = {isa = PBXFileReference; lastKnownFileType = sourcecode.swift; path = postChapter15.swift; sourceTree = "<group>"; };
		9D4BFC6825DE41260013D840 /* subChapter11.swift */ = {isa = PBXFileReference; lastKnownFileType = sourcecode.swift; path = subChapter11.swift; sourceTree = "<group>"; };
		9D4BFC7425DE5FF00013D840 /* PlayerView.swift */ = {isa = PBXFileReference; lastKnownFileType = sourcecode.swift; path = PlayerView.swift; sourceTree = "<group>"; };
		9D4BFC7825DE600C0013D840 /* VideoPlayer.swift */ = {isa = PBXFileReference; lastKnownFileType = sourcecode.swift; path = VideoPlayer.swift; sourceTree = "<group>"; };
		9D56137E259195E600F1695A /* Project Mayhem.app */ = {isa = PBXFileReference; explicitFileType = wrapper.application; includeInIndex = 0; path = "Project Mayhem.app"; sourceTree = BUILT_PRODUCTS_DIR; };
		9D561383259195E600F1695A /* ContentView.swift */ = {isa = PBXFileReference; lastKnownFileType = sourcecode.swift; path = ContentView.swift; sourceTree = "<group>"; };
		9D561385259195E700F1695A /* Assets.xcassets */ = {isa = PBXFileReference; lastKnownFileType = folder.assetcatalog; path = Assets.xcassets; sourceTree = "<group>"; };
		9D561388259195E700F1695A /* Preview Assets.xcassets */ = {isa = PBXFileReference; lastKnownFileType = folder.assetcatalog; path = "Preview Assets.xcassets"; sourceTree = "<group>"; };
		9D56138A259195E700F1695A /* Info.plist */ = {isa = PBXFileReference; lastKnownFileType = text.plist.xml; path = Info.plist; sourceTree = "<group>"; };
		9D56138F259195E800F1695A /* Project MayhemTests.xctest */ = {isa = PBXFileReference; explicitFileType = wrapper.cfbundle; includeInIndex = 0; path = "Project MayhemTests.xctest"; sourceTree = BUILT_PRODUCTS_DIR; };
		9D561393259195E800F1695A /* Project_MayhemTests.swift */ = {isa = PBXFileReference; lastKnownFileType = sourcecode.swift; path = Project_MayhemTests.swift; sourceTree = "<group>"; };
		9D561395259195E800F1695A /* Info.plist */ = {isa = PBXFileReference; lastKnownFileType = text.plist.xml; path = Info.plist; sourceTree = "<group>"; };
		9D56139A259195E800F1695A /* Project MayhemUITests.xctest */ = {isa = PBXFileReference; explicitFileType = wrapper.cfbundle; includeInIndex = 0; path = "Project MayhemUITests.xctest"; sourceTree = BUILT_PRODUCTS_DIR; };
		9D56139E259195E800F1695A /* Project_MayhemUITests.swift */ = {isa = PBXFileReference; lastKnownFileType = sourcecode.swift; path = Project_MayhemUITests.swift; sourceTree = "<group>"; };
		9D5613A0259195E800F1695A /* Info.plist */ = {isa = PBXFileReference; lastKnownFileType = text.plist.xml; path = Info.plist; sourceTree = "<group>"; };
		9D5613B7259196CB00F1695A /* Main.storyboard */ = {isa = PBXFileReference; lastKnownFileType = file.storyboard; path = Main.storyboard; sourceTree = "<group>"; };
		9D5613BC259196DE00F1695A /* LaunchScreen.storyboard */ = {isa = PBXFileReference; lastKnownFileType = file.storyboard; path = LaunchScreen.storyboard; sourceTree = "<group>"; };
		9D56140E2591CFFD00F1695A /* CustomButton.swift */ = {isa = PBXFileReference; lastKnownFileType = sourcecode.swift; path = CustomButton.swift; sourceTree = "<group>"; };
		9D56141F2591D1C300F1695A /* MainScreen.swift */ = {isa = PBXFileReference; lastKnownFileType = sourcecode.swift; path = MainScreen.swift; sourceTree = "<group>"; };
		9D56142F2591DC5400F1695A /* AppDelegate.swift */ = {isa = PBXFileReference; lastKnownFileType = sourcecode.swift; path = AppDelegate.swift; sourceTree = "<group>"; };
		9D5614DD2592A00200F1695A /* Levels.swift */ = {isa = PBXFileReference; lastKnownFileType = sourcecode.swift; path = Levels.swift; sourceTree = "<group>"; };
		9D5614E22592FC5F00F1695A /* CustomButtonOutline.swift */ = {isa = PBXFileReference; lastKnownFileType = sourcecode.swift; path = CustomButtonOutline.swift; sourceTree = "<group>"; };
		9D5614E72593153C00F1695A /* chapter1.swift */ = {isa = PBXFileReference; lastKnownFileType = sourcecode.swift; path = chapter1.swift; sourceTree = "<group>"; };
		9D5B42B9259C858100A4F34A /* chapter4.swift */ = {isa = PBXFileReference; lastKnownFileType = sourcecode.swift; path = chapter4.swift; sourceTree = "<group>"; };
		9D5B42C4259C97FB00A4F34A /* animations.swift */ = {isa = PBXFileReference; lastKnownFileType = sourcecode.swift; path = animations.swift; sourceTree = "<group>"; };
		9D6762F92618534D005E9346 /* GoogleService-Info.plist */ = {isa = PBXFileReference; fileEncoding = 4; lastKnownFileType = text.plist.xml; path = "GoogleService-Info.plist"; sourceTree = "<group>"; };
		9D6C28E625DCCC950039D12C /* MessageAlert.swift */ = {isa = PBXFileReference; lastKnownFileType = sourcecode.swift; path = MessageAlert.swift; sourceTree = "<group>"; };
		9D6C28EA25DCD8330039D12C /* messageTemplate.swift */ = {isa = PBXFileReference; lastKnownFileType = sourcecode.swift; path = messageTemplate.swift; sourceTree = "<group>"; };
		9D6C704825ECD47800E8CF6C /* speechModule.swift */ = {isa = PBXFileReference; lastKnownFileType = sourcecode.swift; path = speechModule.swift; sourceTree = "<group>"; };
		9D6C705625EE082400E8CF6C /* Credits.swift */ = {isa = PBXFileReference; lastKnownFileType = sourcecode.swift; path = Credits.swift; sourceTree = "<group>"; };
		9D6E493525EE12EF00B09E8A /* MusicPlayer.swift */ = {isa = PBXFileReference; lastKnownFileType = sourcecode.swift; path = MusicPlayer.swift; sourceTree = "<group>"; };
		9D73428625ECBDD70003D563 /* subPostChapter15Compressed.mov */ = {isa = PBXFileReference; lastKnownFileType = video.quicktime; path = subPostChapter15Compressed.mov; sourceTree = "<group>"; };
		9D74261F25CA41F3008D9645 /* chapter14.swift */ = {isa = PBXFileReference; fileEncoding = 4; lastKnownFileType = sourcecode.swift; path = chapter14.swift; sourceTree = "<group>"; };
		9D74262025CA41F3008D9645 /* chapter15.swift */ = {isa = PBXFileReference; fileEncoding = 4; lastKnownFileType = sourcecode.swift; path = chapter15.swift; sourceTree = "<group>"; };
		9D74262125CA41F3008D9645 /* chapter11.swift */ = {isa = PBXFileReference; fileEncoding = 4; lastKnownFileType = sourcecode.swift; path = chapter11.swift; sourceTree = "<group>"; };
		9D74262225CA41F3008D9645 /* chapter12.swift */ = {isa = PBXFileReference; fileEncoding = 4; lastKnownFileType = sourcecode.swift; path = chapter12.swift; sourceTree = "<group>"; };
		9D74262325CA41F3008D9645 /* chapter13.swift */ = {isa = PBXFileReference; fileEncoding = 4; lastKnownFileType = sourcecode.swift; path = chapter13.swift; sourceTree = "<group>"; };
		9D7DE95F25E786C200F80990 /* ProjectVenomTrailerCompressed.mov */ = {isa = PBXFileReference; lastKnownFileType = video.quicktime; path = ProjectVenomTrailerCompressed.mov; sourceTree = "<group>"; };
		9D7DE96325E78C4900F80990 /* VenomPreview.swift */ = {isa = PBXFileReference; lastKnownFileType = sourcecode.swift; path = VenomPreview.swift; sourceTree = "<group>"; };
		9D8B292925DC187D007750DF /* UIColorExtension.swift */ = {isa = PBXFileReference; lastKnownFileType = sourcecode.swift; path = UIColorExtension.swift; sourceTree = "<group>"; };
		9D8B292D25DC189A007750DF /* CALayerExtension.swift */ = {isa = PBXFileReference; lastKnownFileType = sourcecode.swift; path = CALayerExtension.swift; sourceTree = "<group>"; };
		9D8C42AE25C7BE5C0039F857 /* Settings.bundle */ = {isa = PBXFileReference; lastKnownFileType = "wrapper.plug-in"; path = Settings.bundle; sourceTree = "<group>"; };
		9D8C42BE25C7F9C30039F857 /* nonPastableTextField.swift */ = {isa = PBXFileReference; lastKnownFileType = sourcecode.swift; path = nonPastableTextField.swift; sourceTree = "<group>"; };
		9D9287BD25F8711F005170A1 /* OneSignalNotificationServiceExtension.appex */ = {isa = PBXFileReference; explicitFileType = "wrapper.app-extension"; includeInIndex = 0; path = OneSignalNotificationServiceExtension.appex; sourceTree = BUILT_PRODUCTS_DIR; };
		9D9287BF25F8711F005170A1 /* NotificationService.swift */ = {isa = PBXFileReference; lastKnownFileType = sourcecode.swift; name = NotificationService.swift; path = "/Users/yushrajkapoor/Desktop/Xcode/Project Mayhem/OneSignalNotificationServiceExtension/NotificationService.swift"; sourceTree = "<absolute>"; };
		9D9287C125F8711F005170A1 /* Info.plist */ = {isa = PBXFileReference; lastKnownFileType = text.plist.xml; path = Info.plist; sourceTree = "<group>"; };
		9D9AA5AF25F793D200C1493A /* Tomorrow.ttf */ = {isa = PBXFileReference; lastKnownFileType = file; path = Tomorrow.ttf; sourceTree = "<group>"; };
		9DA2E9BC25F0451600262638 /* audioExtensions.swift */ = {isa = PBXFileReference; lastKnownFileType = sourcecode.swift; path = audioExtensions.swift; sourceTree = "<group>"; };
		9DA2E9C825F09C6000262638 /* NoisyWalk.ttf */ = {isa = PBXFileReference; lastKnownFileType = file; name = NoisyWalk.ttf; path = "Project Mayhem/Fonts/NoisyWalk.ttf"; sourceTree = SOURCE_ROOT; };
		9DA2E9C925F09C6000262638 /* PigpenCipher.otf */ = {isa = PBXFileReference; lastKnownFileType = file; name = PigpenCipher.otf; path = "Project Mayhem/Fonts/PigpenCipher.otf"; sourceTree = SOURCE_ROOT; };
		9DA2E9CA25F09C6000262638 /* CoolKidFont.ttf */ = {isa = PBXFileReference; lastKnownFileType = file; name = CoolKidFont.ttf; path = "Project Mayhem/Fonts/CoolKidFont.ttf"; sourceTree = SOURCE_ROOT; };
		9DA2E9CB25F09C6000262638 /* aAmbyarSobat.ttf */ = {isa = PBXFileReference; lastKnownFileType = file; name = aAmbyarSobat.ttf; path = "Project Mayhem/Fonts/aAmbyarSobat.ttf"; sourceTree = SOURCE_ROOT; };
		9DA2E9CD25F09C6000262638 /* Adonay.ttf */ = {isa = PBXFileReference; lastKnownFileType = file; name = Adonay.ttf; path = "Project Mayhem/Fonts/Adonay.ttf"; sourceTree = SOURCE_ROOT; };
		9DA2E9CE25F09C6000262638 /* astro.ttf */ = {isa = PBXFileReference; lastKnownFileType = file; name = astro.ttf; path = "Project Mayhem/Fonts/astro.ttf"; sourceTree = SOURCE_ROOT; };
		9DA2E9CF25F09C6000262638 /* screaming_neon.ttf */ = {isa = PBXFileReference; lastKnownFileType = file; name = screaming_neon.ttf; path = "Project Mayhem/Fonts/screaming_neon.ttf"; sourceTree = SOURCE_ROOT; };
		9DB0749A25DE156200515283 /* NameQuery.swift */ = {isa = PBXFileReference; lastKnownFileType = sourcecode.swift; name = NameQuery.swift; path = "Project Mayhem/NameQuery.swift"; sourceTree = SOURCE_ROOT; };
		9DB074A525DE1E1700515283 /* subChapter1.swift */ = {isa = PBXFileReference; lastKnownFileType = sourcecode.swift; path = subChapter1.swift; sourceTree = "<group>"; };
		9DBBF72F25C279310022FC63 /* chapter5.swift */ = {isa = PBXFileReference; lastKnownFileType = sourcecode.swift; path = chapter5.swift; sourceTree = "<group>"; };
		9DBEB53F261996DF00EFF309 /* betterHints.swift */ = {isa = PBXFileReference; lastKnownFileType = sourcecode.swift; path = betterHints.swift; sourceTree = "<group>"; };
		9DBEB549261AE91B00EFF309 /* Glitch.wav */ = {isa = PBXFileReference; lastKnownFileType = audio.wav; name = Glitch.wav; path = "../../../../Downloads/10 Glitch Sound Effects/Glitch.wav"; sourceTree = "<group>"; };
		9DD618E625E62BB20036089B /* ProjectVenomTrailer.swift */ = {isa = PBXFileReference; lastKnownFileType = sourcecode.swift; path = ProjectVenomTrailer.swift; sourceTree = "<group>"; };
		9DD618EA25E62BCE0036089B /* videoTemplate.swift */ = {isa = PBXFileReference; lastKnownFileType = sourcecode.swift; path = videoTemplate.swift; sourceTree = "<group>"; };
		9DD618EE25E62EBC0036089B /* subPostChapter15.swift */ = {isa = PBXFileReference; lastKnownFileType = sourcecode.swift; path = subPostChapter15.swift; sourceTree = "<group>"; };
		9DEA6A0525948BBA002A8739 /* chapter2.swift */ = {isa = PBXFileReference; lastKnownFileType = sourcecode.swift; path = chapter2.swift; sourceTree = "<group>"; };
		9DEA6A0B259515D8002A8739 /* keyboardTemplate.swift */ = {isa = PBXFileReference; lastKnownFileType = sourcecode.swift; path = keyboardTemplate.swift; sourceTree = "<group>"; };
		9DEA6A102595162B002A8739 /* chapterTemplate.swift */ = {isa = PBXFileReference; lastKnownFileType = sourcecode.swift; path = chapterTemplate.swift; sourceTree = "<group>"; };
		9DEA6A1625951730002A8739 /* foregroundEventTemplate.swift */ = {isa = PBXFileReference; lastKnownFileType = sourcecode.swift; path = foregroundEventTemplate.swift; sourceTree = "<group>"; };
		9DEA6A3725972495002A8739 /* chapter3.swift */ = {isa = PBXFileReference; lastKnownFileType = sourcecode.swift; path = chapter3.swift; sourceTree = "<group>"; };
		9DEB282525C54C3A00E3F102 /* chapter6.swift */ = {isa = PBXFileReference; lastKnownFileType = sourcecode.swift; path = chapter6.swift; sourceTree = "<group>"; };
		9DEB282B25C5D78700E3F102 /* chapter7.swift */ = {isa = PBXFileReference; lastKnownFileType = sourcecode.swift; path = chapter7.swift; sourceTree = "<group>"; };
		9DEB282F25C5D7D000E3F102 /* chapter8.swift */ = {isa = PBXFileReference; lastKnownFileType = sourcecode.swift; path = chapter8.swift; sourceTree = "<group>"; };
		9DEB283325C5D7DF00E3F102 /* chapter9.swift */ = {isa = PBXFileReference; lastKnownFileType = sourcecode.swift; path = chapter9.swift; sourceTree = "<group>"; };
		9DEB283725C5D7EE00E3F102 /* chapter10.swift */ = {isa = PBXFileReference; lastKnownFileType = sourcecode.swift; path = chapter10.swift; sourceTree = "<group>"; };
		9DEB283E25C6095000E3F102 /* stringExtensions.swift */ = {isa = PBXFileReference; lastKnownFileType = sourcecode.swift; path = stringExtensions.swift; sourceTree = "<group>"; };
		9DF618BE25F71F910057CFA6 /* postCredits.swift */ = {isa = PBXFileReference; lastKnownFileType = sourcecode.swift; path = postCredits.swift; sourceTree = "<group>"; };
		C2DD489C64146A8EBCA6C780 /* Pods_Project_MayhemTests.framework */ = {isa = PBXFileReference; explicitFileType = wrapper.framework; includeInIndex = 0; path = Pods_Project_MayhemTests.framework; sourceTree = BUILT_PRODUCTS_DIR; };
		DF162265924FF94C3A9C98C1 /* Pods-Project Mayhem.debug.xcconfig */ = {isa = PBXFileReference; includeInIndex = 1; lastKnownFileType = text.xcconfig; name = "Pods-Project Mayhem.debug.xcconfig"; path = "Target Support Files/Pods-Project Mayhem/Pods-Project Mayhem.debug.xcconfig"; sourceTree = "<group>"; };
		EFB84C86541564CF533AF088 /* Pods-Project MayhemTests.release.xcconfig */ = {isa = PBXFileReference; includeInIndex = 1; lastKnownFileType = text.xcconfig; name = "Pods-Project MayhemTests.release.xcconfig"; path = "Target Support Files/Pods-Project MayhemTests/Pods-Project MayhemTests.release.xcconfig"; sourceTree = "<group>"; };
/* End PBXFileReference section */

/* Begin PBXFrameworksBuildPhase section */
		9D56137B259195E600F1695A /* Frameworks */ = {
			isa = PBXFrameworksBuildPhase;
			buildActionMask = 2147483647;
			files = (
				9D0B0AD425FEBA3100C3B1F5 /* CloudKit.framework in Frameworks */,
				9D92875A25F86DD7005170A1 /* AudioKit in Frameworks */,
				9D92877625F86F44005170A1 /* OneSignal in Frameworks */,
				9D150276260EDF7700A767C3 /* StoreKit.framework in Frameworks */,
				E2505288EFF76A1DDA749D72 /* Pods_Project_Mayhem.framework in Frameworks */,
			);
			runOnlyForDeploymentPostprocessing = 0;
		};
		9D56138C259195E800F1695A /* Frameworks */ = {
			isa = PBXFrameworksBuildPhase;
			buildActionMask = 2147483647;
			files = (
				263FC3A458154C34A38D1B60 /* Pods_Project_MayhemTests.framework in Frameworks */,
			);
			runOnlyForDeploymentPostprocessing = 0;
		};
		9D561397259195E800F1695A /* Frameworks */ = {
			isa = PBXFrameworksBuildPhase;
			buildActionMask = 2147483647;
			files = (
				19F1993079BC97855BD836DC /* Pods_Project_Mayhem_Project_MayhemUITests.framework in Frameworks */,
			);
			runOnlyForDeploymentPostprocessing = 0;
		};
		9D9287BA25F8711F005170A1 /* Frameworks */ = {
			isa = PBXFrameworksBuildPhase;
			buildActionMask = 2147483647;
			files = (
				FD47823D2D08F490D7F4789D /* Pods_OneSignalNotificationServiceExtension.framework in Frameworks */,
			);
			runOnlyForDeploymentPostprocessing = 0;
		};
/* End PBXFrameworksBuildPhase section */

/* Begin PBXGroup section */
		9D0B0AD225FEBA3100C3B1F5 /* Frameworks */ = {
			isa = PBXGroup;
			children = (
				9D1502F22611108D00A767C3 /* iAd.framework */,
				9D1502F02611107100A767C3 /* AdSupport.framework */,
				9D150275260EDF7700A767C3 /* StoreKit.framework */,
				9D0B0AD325FEBA3100C3B1F5 /* CloudKit.framework */,
				2AA473EAB9A9BD82678A69E9 /* Pods_OneSignalNotificationServiceExtension.framework */,
				5958026C5D2F6C3DC84AFE66 /* Pods_Project_Mayhem.framework */,
				0242F01F7E6A02F86D5841CC /* Pods_Project_Mayhem_Project_MayhemUITests.framework */,
				C2DD489C64146A8EBCA6C780 /* Pods_Project_MayhemTests.framework */,
			);
			name = Frameworks;
			sourceTree = "<group>";
		};
		9D0C543B25C50F79000EE579 /* Helpers */ = {
			isa = PBXGroup;
			children = (
				9D420EBF25DF032000A3A13D /* Custom Classes */,
				9D420EBE25DF02E500A3A13D /* Extensions */,
				9D150278260EE06F00A767C3 /* IAP */,
				9D420EBA25DF02AF00A3A13D /* globalFunctions.swift */,
			);
			path = Helpers;
			sourceTree = "<group>";
		};
		9D150278260EE06F00A767C3 /* IAP */ = {
			isa = PBXGroup;
			children = (
				9D150279260EE08200A767C3 /* ProjectMayhemProducts.swift */,
				9D15027F260EE0A700A767C3 /* IAPHelper.swift */,
				9D150286260EF5FB00A767C3 /* unlockAllLevels.swift */,
				9DBEB53F261996DF00EFF309 /* betterHints.swift */,
			);
			path = IAP;
			sourceTree = "<group>";
		};
		9D420EBE25DF02E500A3A13D /* Extensions */ = {
			isa = PBXGroup;
			children = (
				9D8B292925DC187D007750DF /* UIColorExtension.swift */,
				9D0C544025C51AA7000EE579 /* UIViewControllerExtensions.swift */,
				9D5B42C4259C97FB00A4F34A /* animations.swift */,
				9DEB283E25C6095000E3F102 /* stringExtensions.swift */,
				9DA2E9BC25F0451600262638 /* audioExtensions.swift */,
				9D8B292D25DC189A007750DF /* CALayerExtension.swift */,
			);
			path = Extensions;
			sourceTree = "<group>";
		};
		9D420EBF25DF032000A3A13D /* Custom Classes */ = {
			isa = PBXGroup;
			children = (
				9D6C28E625DCCC950039D12C /* MessageAlert.swift */,
				9D18487C25D7A7B7007960C0 /* HintAlert.swift */,
				9D5614E22592FC5F00F1695A /* CustomButtonOutline.swift */,
				9D56140E2591CFFD00F1695A /* CustomButton.swift */,
				9D8C42BE25C7F9C30039F857 /* nonPastableTextField.swift */,
				9D4BFC7425DE5FF00013D840 /* PlayerView.swift */,
				9D4BFC7825DE600C0013D840 /* VideoPlayer.swift */,
				9D1502AE260F0BB300A767C3 /* CheckInternet.swift */,
				9D6E493525EE12EF00B09E8A /* MusicPlayer.swift */,
				9D0C543C25C50F97000EE579 /* audioKitHelpers.swift */,
				9D6C704825ECD47800E8CF6C /* speechModule.swift */,
			);
			path = "Custom Classes";
			sourceTree = "<group>";
		};
		9D4BFC6D25DE5E190013D840 /* Videos */ = {
			isa = PBXGroup;
			children = (
				9D438CB025E5E201005CC20A /* Chap1IntroCompressed.mov */,
				9D7DE95F25E786C200F80990 /* ProjectVenomTrailerCompressed.mov */,
				9D3848D525F46C4E00B23F76 /* lvl7IntroCompressed.mov */,
				9D3848D625F46C4E00B23F76 /* lvl7OutroCompressed.mov */,
				9D73428625ECBDD70003D563 /* subPostChapter15Compressed.mov */,
			);
			path = Videos;
			sourceTree = "<group>";
		};
		9D561375259195E600F1695A = {
			isa = PBXGroup;
			children = (
				9D561380259195E600F1695A /* Project Mayhem */,
				9D561392259195E800F1695A /* Project MayhemTests */,
				9D56139D259195E800F1695A /* Project MayhemUITests */,
				9D9287BE25F8711F005170A1 /* OneSignalNotificationServiceExtension */,
				9D56137F259195E600F1695A /* Products */,
				9D0B0AD225FEBA3100C3B1F5 /* Frameworks */,
				D89047F1C2E1B8A419E10A47 /* Pods */,
			);
			sourceTree = "<group>";
			usesTabs = 0;
		};
		9D56137F259195E600F1695A /* Products */ = {
			isa = PBXGroup;
			children = (
				9D56137E259195E600F1695A /* Project Mayhem.app */,
				9D56138F259195E800F1695A /* Project MayhemTests.xctest */,
				9D56139A259195E800F1695A /* Project MayhemUITests.xctest */,
				9D9287BD25F8711F005170A1 /* OneSignalNotificationServiceExtension.appex */,
			);
			name = Products;
			sourceTree = "<group>";
		};
		9D561380259195E600F1695A /* Project Mayhem */ = {
			isa = PBXGroup;
			children = (
				9D0B057325C8B0DF00DB47CF /* Project Mayhem.entitlements */,
				9D5613B7259196CB00F1695A /* Main.storyboard */,
				9D561383259195E600F1695A /* ContentView.swift */,
				9D561385259195E700F1695A /* Assets.xcassets */,
				9D56142F2591DC5400F1695A /* AppDelegate.swift */,
				9D0B0ADD25FEE3CD00C3B1F5 /* Between0And1.m4a */,
				9DBEB549261AE91B00EFF309 /* Glitch.wav */,
				9D5613BC259196DE00F1695A /* LaunchScreen.storyboard */,
				9D6762F92618534D005E9346 /* GoogleService-Info.plist */,
				9D56138A259195E700F1695A /* Info.plist */,
				9D8C42AE25C7BE5C0039F857 /* Settings.bundle */,
				9D0C543B25C50F79000EE579 /* Helpers */,
				9D5614242591D2DA00F1695A /* View Controllers */,
				9DEA6A0A259515B0002A8739 /* Templates */,
				9DA2E9C725F09C2E00262638 /* Fonts */,
				9D4BFC6D25DE5E190013D840 /* Videos */,
				9D561387259195E700F1695A /* Preview Content */,
			);
			path = "Project Mayhem";
			sourceTree = "<group>";
		};
		9D561387259195E700F1695A /* Preview Content */ = {
			isa = PBXGroup;
			children = (
				9D561388259195E700F1695A /* Preview Assets.xcassets */,
			);
			path = "Preview Content";
			sourceTree = "<group>";
		};
		9D561392259195E800F1695A /* Project MayhemTests */ = {
			isa = PBXGroup;
			children = (
				9D561393259195E800F1695A /* Project_MayhemTests.swift */,
				9D561395259195E800F1695A /* Info.plist */,
			);
			path = "Project MayhemTests";
			sourceTree = "<group>";
		};
		9D56139D259195E800F1695A /* Project MayhemUITests */ = {
			isa = PBXGroup;
			children = (
				9D56139E259195E800F1695A /* Project_MayhemUITests.swift */,
				9D5613A0259195E800F1695A /* Info.plist */,
			);
			path = "Project MayhemUITests";
			sourceTree = "<group>";
		};
		9D5614242591D2DA00F1695A /* View Controllers */ = {
			isa = PBXGroup;
			children = (
				9D56141F2591D1C300F1695A /* MainScreen.swift */,
				9DB0749A25DE156200515283 /* NameQuery.swift */,
				9D6C705625EE082400E8CF6C /* Credits.swift */,
				9D5614DD2592A00200F1695A /* Levels.swift */,
				9DB074A525DE1E1700515283 /* subChapter1.swift */,
				9D5614E72593153C00F1695A /* chapter1.swift */,
				9DEA6A0525948BBA002A8739 /* chapter2.swift */,
				9DEA6A3725972495002A8739 /* chapter3.swift */,
				9D5B42B9259C858100A4F34A /* chapter4.swift */,
				9DBBF72F25C279310022FC63 /* chapter5.swift */,
				9DEB282525C54C3A00E3F102 /* chapter6.swift */,
				9DEB282B25C5D78700E3F102 /* chapter7.swift */,
				9DEB282F25C5D7D000E3F102 /* chapter8.swift */,
				9DEB283325C5D7DF00E3F102 /* chapter9.swift */,
				9DEB283725C5D7EE00E3F102 /* chapter10.swift */,
				9D4BFC6825DE41260013D840 /* subChapter11.swift */,
				9D74262125CA41F3008D9645 /* chapter11.swift */,
				9D74262225CA41F3008D9645 /* chapter12.swift */,
				9D74262325CA41F3008D9645 /* chapter13.swift */,
				9D74261F25CA41F3008D9645 /* chapter14.swift */,
				9D74262025CA41F3008D9645 /* chapter15.swift */,
				9DD618EE25E62EBC0036089B /* subPostChapter15.swift */,
				9D438CB825E6015F005CC20A /* postChapter15.swift */,
				9DD618E625E62BB20036089B /* ProjectVenomTrailer.swift */,
				9D7DE96325E78C4900F80990 /* VenomPreview.swift */,
				9DF618BE25F71F910057CFA6 /* postCredits.swift */,
			);
			path = "View Controllers";
			sourceTree = "<group>";
		};
		9D9287BE25F8711F005170A1 /* OneSignalNotificationServiceExtension */ = {
			isa = PBXGroup;
			children = (
				9D9287BF25F8711F005170A1 /* NotificationService.swift */,
				9D9287C125F8711F005170A1 /* Info.plist */,
			);
			path = OneSignalNotificationServiceExtension;
			sourceTree = "<group>";
		};
		9DA2E9C725F09C2E00262638 /* Fonts */ = {
			isa = PBXGroup;
			children = (
				9DA2E9CB25F09C6000262638 /* aAmbyarSobat.ttf */,
				9DA2E9CD25F09C6000262638 /* Adonay.ttf */,
				9DA2E9CE25F09C6000262638 /* astro.ttf */,
				9DA2E9CA25F09C6000262638 /* CoolKidFont.ttf */,
				9DA2E9C825F09C6000262638 /* NoisyWalk.ttf */,
				9DA2E9C925F09C6000262638 /* PigpenCipher.otf */,
				9D9AA5AF25F793D200C1493A /* Tomorrow.ttf */,
				9DA2E9CF25F09C6000262638 /* screaming_neon.ttf */,
			);
			path = Fonts;
			sourceTree = "<group>";
		};
		9DEA6A0A259515B0002A8739 /* Templates */ = {
			isa = PBXGroup;
			children = (
				9DEA6A0B259515D8002A8739 /* keyboardTemplate.swift */,
				9DEA6A1625951730002A8739 /* foregroundEventTemplate.swift */,
				9DEA6A102595162B002A8739 /* chapterTemplate.swift */,
				9DD618EA25E62BCE0036089B /* videoTemplate.swift */,
				9D6C28EA25DCD8330039D12C /* messageTemplate.swift */,
			);
			path = Templates;
			sourceTree = "<group>";
		};
		D89047F1C2E1B8A419E10A47 /* Pods */ = {
			isa = PBXGroup;
			children = (
				69DCB3ABA5F8A93C3B7816A5 /* Pods-OneSignalNotificationServiceExtension.debug.xcconfig */,
				8DA48B1D6AE8DCFB2B38AEBA /* Pods-OneSignalNotificationServiceExtension.release.xcconfig */,
				DF162265924FF94C3A9C98C1 /* Pods-Project Mayhem.debug.xcconfig */,
				0C97B9B4B38A9709728AA51A /* Pods-Project Mayhem.release.xcconfig */,
				674BF2874D4771AFD821F011 /* Pods-Project Mayhem-Project MayhemUITests.debug.xcconfig */,
				8651C7C4598121AB353B4AFD /* Pods-Project Mayhem-Project MayhemUITests.release.xcconfig */,
				982AFC4E8D04CDD115E37879 /* Pods-Project MayhemTests.debug.xcconfig */,
				EFB84C86541564CF533AF088 /* Pods-Project MayhemTests.release.xcconfig */,
			);
			path = Pods;
			sourceTree = "<group>";
		};
/* End PBXGroup section */

/* Begin PBXNativeTarget section */
		9D56137D259195E600F1695A /* Project Mayhem */ = {
			isa = PBXNativeTarget;
			buildConfigurationList = 9D5613A3259195E800F1695A /* Build configuration list for PBXNativeTarget "Project Mayhem" */;
			buildPhases = (
				C8AE985D10D08DEDF5FB5085 /* [CP] Check Pods Manifest.lock */,
				9D56137A259195E600F1695A /* Sources */,
				9D56137B259195E600F1695A /* Frameworks */,
				9D56137C259195E600F1695A /* Resources */,
				9D38491425F4B1E100B23F76 /* Embed App Extensions */,
				EF74EE505762F2D653F8DD2D /* [CP] Embed Pods Frameworks */,
				9D6763072618F3B4005E9346 /* ShellScript */,
			);
			buildRules = (
			);
			dependencies = (
				9D9287C325F8711F005170A1 /* PBXTargetDependency */,
			);
			name = "Project Mayhem";
			packageProductDependencies = (
				9D92875925F86DD7005170A1 /* AudioKit */,
				9D92877525F86F44005170A1 /* OneSignal */,
			);
			productName = "Project Mayhem";
			productReference = 9D56137E259195E600F1695A /* Project Mayhem.app */;
			productType = "com.apple.product-type.application";
		};
		9D56138E259195E800F1695A /* Project MayhemTests */ = {
			isa = PBXNativeTarget;
			buildConfigurationList = 9D5613A6259195E800F1695A /* Build configuration list for PBXNativeTarget "Project MayhemTests" */;
			buildPhases = (
				82AE2A8FFC8CB361BA2742DC /* [CP] Check Pods Manifest.lock */,
				9D56138B259195E800F1695A /* Sources */,
				9D56138C259195E800F1695A /* Frameworks */,
				9D56138D259195E800F1695A /* Resources */,
			);
			buildRules = (
			);
			dependencies = (
				9D561391259195E800F1695A /* PBXTargetDependency */,
			);
			name = "Project MayhemTests";
			productName = "Project MayhemTests";
			productReference = 9D56138F259195E800F1695A /* Project MayhemTests.xctest */;
			productType = "com.apple.product-type.bundle.unit-test";
		};
		9D561399259195E800F1695A /* Project MayhemUITests */ = {
			isa = PBXNativeTarget;
			buildConfigurationList = 9D5613A9259195E800F1695A /* Build configuration list for PBXNativeTarget "Project MayhemUITests" */;
			buildPhases = (
				226275A81363612742FE7189 /* [CP] Check Pods Manifest.lock */,
				9D561396259195E800F1695A /* Sources */,
				9D561397259195E800F1695A /* Frameworks */,
				9D561398259195E800F1695A /* Resources */,
				F8A9A396305AB210C8D89D6A /* [CP] Embed Pods Frameworks */,
			);
			buildRules = (
			);
			dependencies = (
				9D56139C259195E800F1695A /* PBXTargetDependency */,
			);
			name = "Project MayhemUITests";
			productName = "Project MayhemUITests";
			productReference = 9D56139A259195E800F1695A /* Project MayhemUITests.xctest */;
			productType = "com.apple.product-type.bundle.ui-testing";
		};
		9D9287BC25F8711F005170A1 /* OneSignalNotificationServiceExtension */ = {
			isa = PBXNativeTarget;
			buildConfigurationList = 9D9287C525F8711F005170A1 /* Build configuration list for PBXNativeTarget "OneSignalNotificationServiceExtension" */;
			buildPhases = (
				561ABAA99FEE21301755EE32 /* [CP] Check Pods Manifest.lock */,
				9D9287B925F8711F005170A1 /* Sources */,
				9D9287BA25F8711F005170A1 /* Frameworks */,
				9D9287BB25F8711F005170A1 /* Resources */,
			);
			buildRules = (
			);
			dependencies = (
			);
			name = OneSignalNotificationServiceExtension;
			productName = OneSignalNotificationServiceExtension;
			productReference = 9D9287BD25F8711F005170A1 /* OneSignalNotificationServiceExtension.appex */;
			productType = "com.apple.product-type.app-extension";
		};
/* End PBXNativeTarget section */

/* Begin PBXProject section */
		9D561376259195E600F1695A /* Project object */ = {
			isa = PBXProject;
			attributes = {
				LastSwiftUpdateCheck = 1240;
				LastUpgradeCheck = 1230;
				TargetAttributes = {
					9D56137D259195E600F1695A = {
						CreatedOnToolsVersion = 12.3;
					};
					9D56138E259195E800F1695A = {
						CreatedOnToolsVersion = 12.3;
						TestTargetID = 9D56137D259195E600F1695A;
					};
					9D561399259195E800F1695A = {
						CreatedOnToolsVersion = 12.3;
						TestTargetID = 9D56137D259195E600F1695A;
					};
					9D9287BC25F8711F005170A1 = {
						CreatedOnToolsVersion = 12.4;
					};
				};
			};
			buildConfigurationList = 9D561379259195E600F1695A /* Build configuration list for PBXProject "Project Mayhem" */;
			compatibilityVersion = "Xcode 9.3";
			developmentRegion = en;
			hasScannedForEncodings = 0;
			knownRegions = (
				en,
				Base,
			);
			mainGroup = 9D561375259195E600F1695A;
			packageReferences = (
				9D92875825F86DD7005170A1 /* XCRemoteSwiftPackageReference "AudioKit" */,
				9D92877425F86F44005170A1 /* XCRemoteSwiftPackageReference "OneSignal-XCFramework" */,
			);
			productRefGroup = 9D56137F259195E600F1695A /* Products */;
			projectDirPath = "";
			projectRoot = "";
			targets = (
				9D56137D259195E600F1695A /* Project Mayhem */,
				9D56138E259195E800F1695A /* Project MayhemTests */,
				9D561399259195E800F1695A /* Project MayhemUITests */,
				9D9287BC25F8711F005170A1 /* OneSignalNotificationServiceExtension */,
			);
		};
/* End PBXProject section */

/* Begin PBXResourcesBuildPhase section */
		9D56137C259195E600F1695A /* Resources */ = {
			isa = PBXResourcesBuildPhase;
			buildActionMask = 2147483647;
			files = (
				9D73428725ECBDD70003D563 /* subPostChapter15Compressed.mov in Resources */,
				9D561389259195E700F1695A /* Preview Assets.xcassets in Resources */,
				9DA2E9D225F09C6000262638 /* CoolKidFont.ttf in Resources */,
				9DA2E9D725F09C6000262638 /* screaming_neon.ttf in Resources */,
				9D561386259195E700F1695A /* Assets.xcassets in Resources */,
				9DA2E9D325F09C6000262638 /* aAmbyarSobat.ttf in Resources */,
				9DA2E9D125F09C6000262638 /* PigpenCipher.otf in Resources */,
				9D7DE96025E786C200F80990 /* ProjectVenomTrailerCompressed.mov in Resources */,
				9DA2E9D525F09C6000262638 /* Adonay.ttf in Resources */,
				9D5613BD259196DE00F1695A /* LaunchScreen.storyboard in Resources */,
				9D3848D825F46C4E00B23F76 /* lvl7OutroCompressed.mov in Resources */,
				9D438CB125E5E201005CC20A /* Chap1IntroCompressed.mov in Resources */,
				9D9AA5C125F793D300C1493A /* Tomorrow.ttf in Resources */,
				9D8C42AF25C7BE5C0039F857 /* Settings.bundle in Resources */,
				9D3848D725F46C4E00B23F76 /* lvl7IntroCompressed.mov in Resources */,
				9DBEB54A261AE91B00EFF309 /* Glitch.wav in Resources */,
				9DA2E9D025F09C6000262638 /* NoisyWalk.ttf in Resources */,
				9DA2E9D625F09C6000262638 /* astro.ttf in Resources */,
				9D6762FA2618534D005E9346 /* GoogleService-Info.plist in Resources */,
				9D0B0ADE25FEE3CD00C3B1F5 /* Between0And1.m4a in Resources */,
				9D5613B8259196CB00F1695A /* Main.storyboard in Resources */,
			);
			runOnlyForDeploymentPostprocessing = 0;
		};
		9D56138D259195E800F1695A /* Resources */ = {
			isa = PBXResourcesBuildPhase;
			buildActionMask = 2147483647;
			files = (
			);
			runOnlyForDeploymentPostprocessing = 0;
		};
		9D561398259195E800F1695A /* Resources */ = {
			isa = PBXResourcesBuildPhase;
			buildActionMask = 2147483647;
			files = (
			);
			runOnlyForDeploymentPostprocessing = 0;
		};
		9D9287BB25F8711F005170A1 /* Resources */ = {
			isa = PBXResourcesBuildPhase;
			buildActionMask = 2147483647;
			files = (
			);
			runOnlyForDeploymentPostprocessing = 0;
		};
/* End PBXResourcesBuildPhase section */

/* Begin PBXShellScriptBuildPhase section */
		226275A81363612742FE7189 /* [CP] Check Pods Manifest.lock */ = {
			isa = PBXShellScriptBuildPhase;
			buildActionMask = 2147483647;
			files = (
			);
			inputFileListPaths = (
			);
			inputPaths = (
				"${PODS_PODFILE_DIR_PATH}/Podfile.lock",
				"${PODS_ROOT}/Manifest.lock",
			);
			name = "[CP] Check Pods Manifest.lock";
			outputFileListPaths = (
			);
			outputPaths = (
				"$(DERIVED_FILE_DIR)/Pods-Project Mayhem-Project MayhemUITests-checkManifestLockResult.txt",
			);
			runOnlyForDeploymentPostprocessing = 0;
			shellPath = /bin/sh;
			shellScript = "diff \"${PODS_PODFILE_DIR_PATH}/Podfile.lock\" \"${PODS_ROOT}/Manifest.lock\" > /dev/null\nif [ $? != 0 ] ; then\n    # print error to STDERR\n    echo \"error: The sandbox is not in sync with the Podfile.lock. Run 'pod install' or update your CocoaPods installation.\" >&2\n    exit 1\nfi\n# This output is used by Xcode 'outputs' to avoid re-running this script phase.\necho \"SUCCESS\" > \"${SCRIPT_OUTPUT_FILE_0}\"\n";
			showEnvVarsInLog = 0;
		};
		561ABAA99FEE21301755EE32 /* [CP] Check Pods Manifest.lock */ = {
			isa = PBXShellScriptBuildPhase;
			buildActionMask = 2147483647;
			files = (
			);
			inputFileListPaths = (
			);
			inputPaths = (
				"${PODS_PODFILE_DIR_PATH}/Podfile.lock",
				"${PODS_ROOT}/Manifest.lock",
			);
			name = "[CP] Check Pods Manifest.lock";
			outputFileListPaths = (
			);
			outputPaths = (
				"$(DERIVED_FILE_DIR)/Pods-OneSignalNotificationServiceExtension-checkManifestLockResult.txt",
			);
			runOnlyForDeploymentPostprocessing = 0;
			shellPath = /bin/sh;
			shellScript = "diff \"${PODS_PODFILE_DIR_PATH}/Podfile.lock\" \"${PODS_ROOT}/Manifest.lock\" > /dev/null\nif [ $? != 0 ] ; then\n    # print error to STDERR\n    echo \"error: The sandbox is not in sync with the Podfile.lock. Run 'pod install' or update your CocoaPods installation.\" >&2\n    exit 1\nfi\n# This output is used by Xcode 'outputs' to avoid re-running this script phase.\necho \"SUCCESS\" > \"${SCRIPT_OUTPUT_FILE_0}\"\n";
			showEnvVarsInLog = 0;
		};
		82AE2A8FFC8CB361BA2742DC /* [CP] Check Pods Manifest.lock */ = {
			isa = PBXShellScriptBuildPhase;
			buildActionMask = 2147483647;
			files = (
			);
			inputFileListPaths = (
			);
			inputPaths = (
				"${PODS_PODFILE_DIR_PATH}/Podfile.lock",
				"${PODS_ROOT}/Manifest.lock",
			);
			name = "[CP] Check Pods Manifest.lock";
			outputFileListPaths = (
			);
			outputPaths = (
				"$(DERIVED_FILE_DIR)/Pods-Project MayhemTests-checkManifestLockResult.txt",
			);
			runOnlyForDeploymentPostprocessing = 0;
			shellPath = /bin/sh;
			shellScript = "diff \"${PODS_PODFILE_DIR_PATH}/Podfile.lock\" \"${PODS_ROOT}/Manifest.lock\" > /dev/null\nif [ $? != 0 ] ; then\n    # print error to STDERR\n    echo \"error: The sandbox is not in sync with the Podfile.lock. Run 'pod install' or update your CocoaPods installation.\" >&2\n    exit 1\nfi\n# This output is used by Xcode 'outputs' to avoid re-running this script phase.\necho \"SUCCESS\" > \"${SCRIPT_OUTPUT_FILE_0}\"\n";
			showEnvVarsInLog = 0;
		};
		9D6763072618F3B4005E9346 /* ShellScript */ = {
			isa = PBXShellScriptBuildPhase;
			buildActionMask = 2147483647;
			files = (
			);
			inputFileListPaths = (
			);
			inputPaths = (
				"${DWARF_DSYM_FOLDER_PATH}/${DWARF_DSYM_FILE_NAME}/Contents/Resources/DWARF/${TARGET_NAME}",
				"$(SRCROOT)/$(BUILT_PRODUCTS_DIR)/$(INFOPLIST_PATH)",
			);
			outputFileListPaths = (
			);
			outputPaths = (
			);
			runOnlyForDeploymentPostprocessing = 0;
			shellPath = /bin/sh;
			shellScript = "# Type a script or drag a script file from your workspace to insert its path.\n\"${PODS_ROOT}/FirebaseCrashlytics/run\"\n";
		};
		C8AE985D10D08DEDF5FB5085 /* [CP] Check Pods Manifest.lock */ = {
			isa = PBXShellScriptBuildPhase;
			buildActionMask = 2147483647;
			files = (
			);
			inputFileListPaths = (
			);
			inputPaths = (
				"${PODS_PODFILE_DIR_PATH}/Podfile.lock",
				"${PODS_ROOT}/Manifest.lock",
			);
			name = "[CP] Check Pods Manifest.lock";
			outputFileListPaths = (
			);
			outputPaths = (
				"$(DERIVED_FILE_DIR)/Pods-Project Mayhem-checkManifestLockResult.txt",
			);
			runOnlyForDeploymentPostprocessing = 0;
			shellPath = /bin/sh;
			shellScript = "diff \"${PODS_PODFILE_DIR_PATH}/Podfile.lock\" \"${PODS_ROOT}/Manifest.lock\" > /dev/null\nif [ $? != 0 ] ; then\n    # print error to STDERR\n    echo \"error: The sandbox is not in sync with the Podfile.lock. Run 'pod install' or update your CocoaPods installation.\" >&2\n    exit 1\nfi\n# This output is used by Xcode 'outputs' to avoid re-running this script phase.\necho \"SUCCESS\" > \"${SCRIPT_OUTPUT_FILE_0}\"\n";
			showEnvVarsInLog = 0;
		};
		EF74EE505762F2D653F8DD2D /* [CP] Embed Pods Frameworks */ = {
			isa = PBXShellScriptBuildPhase;
			buildActionMask = 2147483647;
			files = (
			);
			inputFileListPaths = (
				"${PODS_ROOT}/Target Support Files/Pods-Project Mayhem/Pods-Project Mayhem-frameworks-${CONFIGURATION}-input-files.xcfilelist",
			);
			name = "[CP] Embed Pods Frameworks";
			outputFileListPaths = (
				"${PODS_ROOT}/Target Support Files/Pods-Project Mayhem/Pods-Project Mayhem-frameworks-${CONFIGURATION}-output-files.xcfilelist",
			);
			runOnlyForDeploymentPostprocessing = 0;
			shellPath = /bin/sh;
			shellScript = "\"${PODS_ROOT}/Target Support Files/Pods-Project Mayhem/Pods-Project Mayhem-frameworks.sh\"\n";
			showEnvVarsInLog = 0;
		};
		F8A9A396305AB210C8D89D6A /* [CP] Embed Pods Frameworks */ = {
			isa = PBXShellScriptBuildPhase;
			buildActionMask = 2147483647;
			files = (
			);
			inputFileListPaths = (
				"${PODS_ROOT}/Target Support Files/Pods-Project Mayhem-Project MayhemUITests/Pods-Project Mayhem-Project MayhemUITests-frameworks-${CONFIGURATION}-input-files.xcfilelist",
			);
			name = "[CP] Embed Pods Frameworks";
			outputFileListPaths = (
				"${PODS_ROOT}/Target Support Files/Pods-Project Mayhem-Project MayhemUITests/Pods-Project Mayhem-Project MayhemUITests-frameworks-${CONFIGURATION}-output-files.xcfilelist",
			);
			runOnlyForDeploymentPostprocessing = 0;
			shellPath = /bin/sh;
			shellScript = "\"${PODS_ROOT}/Target Support Files/Pods-Project Mayhem-Project MayhemUITests/Pods-Project Mayhem-Project MayhemUITests-frameworks.sh\"\n";
			showEnvVarsInLog = 0;
		};
/* End PBXShellScriptBuildPhase section */

/* Begin PBXSourcesBuildPhase section */
		9D56137A259195E600F1695A /* Sources */ = {
			isa = PBXSourcesBuildPhase;
			buildActionMask = 2147483647;
			files = (
				9D5614DE2592A00200F1695A /* Levels.swift in Sources */,
				9D18487D25D7A7B7007960C0 /* HintAlert.swift in Sources */,
				9DF618BF25F71F910057CFA6 /* postCredits.swift in Sources */,
				9D74262425CA41F3008D9645 /* chapter14.swift in Sources */,
				9D438CB925E6015F005CC20A /* postChapter15.swift in Sources */,
				9DEB283425C5D7DF00E3F102 /* chapter9.swift in Sources */,
				9D0C544125C51AA7000EE579 /* UIViewControllerExtensions.swift in Sources */,
				9DD618E725E62BB20036089B /* ProjectVenomTrailer.swift in Sources */,
				9D6C28EB25DCD8330039D12C /* messageTemplate.swift in Sources */,
				9DD618EF25E62EBC0036089B /* subPostChapter15.swift in Sources */,
				9D6C705725EE082400E8CF6C /* Credits.swift in Sources */,
				9DBBF73025C279310022FC63 /* chapter5.swift in Sources */,
				9D5614E32592FC5F00F1695A /* CustomButtonOutline.swift in Sources */,
				9D15027A260EE08200A767C3 /* ProjectMayhemProducts.swift in Sources */,
				9D4BFC6925DE41260013D840 /* subChapter11.swift in Sources */,
				9DEB282625C54C3A00E3F102 /* chapter6.swift in Sources */,
				9D420EBB25DF02AF00A3A13D /* globalFunctions.swift in Sources */,
				9D74262525CA41F3008D9645 /* chapter15.swift in Sources */,
				9D6C28E725DCCC950039D12C /* MessageAlert.swift in Sources */,
				9DEA6A0625948BBA002A8739 /* chapter2.swift in Sources */,
				9D74262625CA41F3008D9645 /* chapter11.swift in Sources */,
				9DEB282C25C5D78700E3F102 /* chapter7.swift in Sources */,
				9D74262825CA41F3008D9645 /* chapter13.swift in Sources */,
				9D5614202591D1C300F1695A /* MainScreen.swift in Sources */,
				9D4BFC7525DE5FF00013D840 /* PlayerView.swift in Sources */,
				9D561384259195E600F1695A /* ContentView.swift in Sources */,
				9DB0749B25DE156200515283 /* NameQuery.swift in Sources */,
				9D8B292E25DC189A007750DF /* CALayerExtension.swift in Sources */,
				9D6E493625EE12EF00B09E8A /* MusicPlayer.swift in Sources */,
				9DA2E9BD25F0451600262638 /* audioExtensions.swift in Sources */,
				9DEA6A0C259515D8002A8739 /* keyboardTemplate.swift in Sources */,
				9D5614302591DC5400F1695A /* AppDelegate.swift in Sources */,
				9D8B292A25DC187D007750DF /* UIColorExtension.swift in Sources */,
				9D6C704925ECD47800E8CF6C /* speechModule.swift in Sources */,
				9DEB283F25C6095000E3F102 /* stringExtensions.swift in Sources */,
				9DD618EB25E62BCE0036089B /* videoTemplate.swift in Sources */,
				9D74262725CA41F3008D9645 /* chapter12.swift in Sources */,
				9D1502AF260F0BB300A767C3 /* CheckInternet.swift in Sources */,
				9DEA6A3825972495002A8739 /* chapter3.swift in Sources */,
				9D150287260EF5FB00A767C3 /* unlockAllLevels.swift in Sources */,
				9DEA6A112595162B002A8739 /* chapterTemplate.swift in Sources */,
				9DEB283825C5D7EE00E3F102 /* chapter10.swift in Sources */,
				9D150280260EE0A700A767C3 /* IAPHelper.swift in Sources */,
				9DBEB540261996E000EFF309 /* betterHints.swift in Sources */,
				9D4BFC7925DE600C0013D840 /* VideoPlayer.swift in Sources */,
				9D56140F2591CFFD00F1695A /* CustomButton.swift in Sources */,
				9D5B42C5259C97FB00A4F34A /* animations.swift in Sources */,
				9DEA6A1725951730002A8739 /* foregroundEventTemplate.swift in Sources */,
				9DEB283025C5D7D000E3F102 /* chapter8.swift in Sources */,
				9D7DE96425E78C4900F80990 /* VenomPreview.swift in Sources */,
				9D0C543D25C50F97000EE579 /* audioKitHelpers.swift in Sources */,
				9D8C42BF25C7F9C30039F857 /* nonPastableTextField.swift in Sources */,
				9D5B42BA259C858100A4F34A /* chapter4.swift in Sources */,
				9DB074A625DE1E1700515283 /* subChapter1.swift in Sources */,
				9D5614E82593153C00F1695A /* chapter1.swift in Sources */,
			);
			runOnlyForDeploymentPostprocessing = 0;
		};
		9D56138B259195E800F1695A /* Sources */ = {
			isa = PBXSourcesBuildPhase;
			buildActionMask = 2147483647;
			files = (
				9D561394259195E800F1695A /* Project_MayhemTests.swift in Sources */,
			);
			runOnlyForDeploymentPostprocessing = 0;
		};
		9D561396259195E800F1695A /* Sources */ = {
			isa = PBXSourcesBuildPhase;
			buildActionMask = 2147483647;
			files = (
				9D56139F259195E800F1695A /* Project_MayhemUITests.swift in Sources */,
			);
			runOnlyForDeploymentPostprocessing = 0;
		};
		9D9287B925F8711F005170A1 /* Sources */ = {
			isa = PBXSourcesBuildPhase;
			buildActionMask = 2147483647;
			files = (
				9D9287C025F8711F005170A1 /* NotificationService.swift in Sources */,
			);
			runOnlyForDeploymentPostprocessing = 0;
		};
/* End PBXSourcesBuildPhase section */

/* Begin PBXTargetDependency section */
		9D561391259195E800F1695A /* PBXTargetDependency */ = {
			isa = PBXTargetDependency;
			target = 9D56137D259195E600F1695A /* Project Mayhem */;
			targetProxy = 9D561390259195E800F1695A /* PBXContainerItemProxy */;
		};
		9D56139C259195E800F1695A /* PBXTargetDependency */ = {
			isa = PBXTargetDependency;
			target = 9D56137D259195E600F1695A /* Project Mayhem */;
			targetProxy = 9D56139B259195E800F1695A /* PBXContainerItemProxy */;
		};
		9D9287C325F8711F005170A1 /* PBXTargetDependency */ = {
			isa = PBXTargetDependency;
			target = 9D9287BC25F8711F005170A1 /* OneSignalNotificationServiceExtension */;
			targetProxy = 9D9287C225F8711F005170A1 /* PBXContainerItemProxy */;
		};
/* End PBXTargetDependency section */

/* Begin XCBuildConfiguration section */
		9D5613A1259195E800F1695A /* Debug */ = {
			isa = XCBuildConfiguration;
			buildSettings = {
				ALWAYS_SEARCH_USER_PATHS = NO;
				CLANG_ANALYZER_NONNULL = YES;
				CLANG_ANALYZER_NUMBER_OBJECT_CONVERSION = YES_AGGRESSIVE;
				CLANG_CXX_LANGUAGE_STANDARD = "gnu++14";
				CLANG_CXX_LIBRARY = "libc++";
				CLANG_ENABLE_MODULES = YES;
				CLANG_ENABLE_OBJC_ARC = YES;
				CLANG_ENABLE_OBJC_WEAK = YES;
				CLANG_WARN_BLOCK_CAPTURE_AUTORELEASING = YES;
				CLANG_WARN_BOOL_CONVERSION = YES;
				CLANG_WARN_COMMA = YES;
				CLANG_WARN_CONSTANT_CONVERSION = YES;
				CLANG_WARN_DEPRECATED_OBJC_IMPLEMENTATIONS = YES;
				CLANG_WARN_DIRECT_OBJC_ISA_USAGE = YES_ERROR;
				CLANG_WARN_DOCUMENTATION_COMMENTS = YES;
				CLANG_WARN_EMPTY_BODY = YES;
				CLANG_WARN_ENUM_CONVERSION = YES;
				CLANG_WARN_INFINITE_RECURSION = YES;
				CLANG_WARN_INT_CONVERSION = YES;
				CLANG_WARN_NON_LITERAL_NULL_CONVERSION = YES;
				CLANG_WARN_OBJC_IMPLICIT_RETAIN_SELF = YES;
				CLANG_WARN_OBJC_LITERAL_CONVERSION = YES;
				CLANG_WARN_OBJC_ROOT_CLASS = YES_ERROR;
				CLANG_WARN_QUOTED_INCLUDE_IN_FRAMEWORK_HEADER = YES;
				CLANG_WARN_RANGE_LOOP_ANALYSIS = YES;
				CLANG_WARN_STRICT_PROTOTYPES = YES;
				CLANG_WARN_SUSPICIOUS_MOVE = YES;
				CLANG_WARN_UNGUARDED_AVAILABILITY = YES_AGGRESSIVE;
				CLANG_WARN_UNREACHABLE_CODE = YES;
				CLANG_WARN__DUPLICATE_METHOD_MATCH = YES;
				COPY_PHASE_STRIP = NO;
				DEBUG_INFORMATION_FORMAT = dwarf;
				ENABLE_STRICT_OBJC_MSGSEND = YES;
				ENABLE_TESTABILITY = YES;
				GCC_C_LANGUAGE_STANDARD = gnu11;
				GCC_DYNAMIC_NO_PIC = NO;
				GCC_NO_COMMON_BLOCKS = YES;
				GCC_OPTIMIZATION_LEVEL = 0;
				GCC_PREPROCESSOR_DEFINITIONS = (
					"DEBUG=1",
					"$(inherited)",
				);
				GCC_WARN_64_TO_32_BIT_CONVERSION = YES;
				GCC_WARN_ABOUT_RETURN_TYPE = YES_ERROR;
				GCC_WARN_UNDECLARED_SELECTOR = YES;
				GCC_WARN_UNINITIALIZED_AUTOS = YES_AGGRESSIVE;
				GCC_WARN_UNUSED_FUNCTION = YES;
				GCC_WARN_UNUSED_VARIABLE = YES;
				IPHONEOS_DEPLOYMENT_TARGET = 14.3;
				MTL_ENABLE_DEBUG_INFO = INCLUDE_SOURCE;
				MTL_FAST_MATH = YES;
				ONLY_ACTIVE_ARCH = YES;
				SDKROOT = iphoneos;
				SWIFT_ACTIVE_COMPILATION_CONDITIONS = DEBUG;
				SWIFT_OPTIMIZATION_LEVEL = "-Onone";
			};
			name = Debug;
		};
		9D5613A2259195E800F1695A /* Release */ = {
			isa = XCBuildConfiguration;
			buildSettings = {
				ALWAYS_SEARCH_USER_PATHS = NO;
				CLANG_ANALYZER_NONNULL = YES;
				CLANG_ANALYZER_NUMBER_OBJECT_CONVERSION = YES_AGGRESSIVE;
				CLANG_CXX_LANGUAGE_STANDARD = "gnu++14";
				CLANG_CXX_LIBRARY = "libc++";
				CLANG_ENABLE_MODULES = YES;
				CLANG_ENABLE_OBJC_ARC = YES;
				CLANG_ENABLE_OBJC_WEAK = YES;
				CLANG_WARN_BLOCK_CAPTURE_AUTORELEASING = YES;
				CLANG_WARN_BOOL_CONVERSION = YES;
				CLANG_WARN_COMMA = YES;
				CLANG_WARN_CONSTANT_CONVERSION = YES;
				CLANG_WARN_DEPRECATED_OBJC_IMPLEMENTATIONS = YES;
				CLANG_WARN_DIRECT_OBJC_ISA_USAGE = YES_ERROR;
				CLANG_WARN_DOCUMENTATION_COMMENTS = YES;
				CLANG_WARN_EMPTY_BODY = YES;
				CLANG_WARN_ENUM_CONVERSION = YES;
				CLANG_WARN_INFINITE_RECURSION = YES;
				CLANG_WARN_INT_CONVERSION = YES;
				CLANG_WARN_NON_LITERAL_NULL_CONVERSION = YES;
				CLANG_WARN_OBJC_IMPLICIT_RETAIN_SELF = YES;
				CLANG_WARN_OBJC_LITERAL_CONVERSION = YES;
				CLANG_WARN_OBJC_ROOT_CLASS = YES_ERROR;
				CLANG_WARN_QUOTED_INCLUDE_IN_FRAMEWORK_HEADER = YES;
				CLANG_WARN_RANGE_LOOP_ANALYSIS = YES;
				CLANG_WARN_STRICT_PROTOTYPES = YES;
				CLANG_WARN_SUSPICIOUS_MOVE = YES;
				CLANG_WARN_UNGUARDED_AVAILABILITY = YES_AGGRESSIVE;
				CLANG_WARN_UNREACHABLE_CODE = YES;
				CLANG_WARN__DUPLICATE_METHOD_MATCH = YES;
				COPY_PHASE_STRIP = NO;
				DEBUG_INFORMATION_FORMAT = "dwarf-with-dsym";
				ENABLE_NS_ASSERTIONS = NO;
				ENABLE_STRICT_OBJC_MSGSEND = YES;
				GCC_C_LANGUAGE_STANDARD = gnu11;
				GCC_NO_COMMON_BLOCKS = YES;
				GCC_WARN_64_TO_32_BIT_CONVERSION = YES;
				GCC_WARN_ABOUT_RETURN_TYPE = YES_ERROR;
				GCC_WARN_UNDECLARED_SELECTOR = YES;
				GCC_WARN_UNINITIALIZED_AUTOS = YES_AGGRESSIVE;
				GCC_WARN_UNUSED_FUNCTION = YES;
				GCC_WARN_UNUSED_VARIABLE = YES;
				IPHONEOS_DEPLOYMENT_TARGET = 14.3;
				MTL_ENABLE_DEBUG_INFO = NO;
				MTL_FAST_MATH = YES;
				SDKROOT = iphoneos;
				SWIFT_COMPILATION_MODE = wholemodule;
				SWIFT_OPTIMIZATION_LEVEL = "-O";
				VALIDATE_PRODUCT = YES;
			};
			name = Release;
		};
		9D5613A4259195E800F1695A /* Debug */ = {
			isa = XCBuildConfiguration;
			baseConfigurationReference = DF162265924FF94C3A9C98C1 /* Pods-Project Mayhem.debug.xcconfig */;
			buildSettings = {
				ALWAYS_EMBED_SWIFT_STANDARD_LIBRARIES = YES;
				ASSETCATALOG_COMPILER_APPICON_NAME = AppIcon;
				ASSETCATALOG_COMPILER_GLOBAL_ACCENT_COLOR_NAME = AccentColor;
				CODE_SIGN_ENTITLEMENTS = "Project Mayhem/Project Mayhem.entitlements";
				CODE_SIGN_IDENTITY = "Apple Development";
				CODE_SIGN_STYLE = Automatic;
				CURRENT_PROJECT_VERSION = 2;
				DEBUG_INFORMATION_FORMAT = "dwarf-with-dsym";
				DEVELOPMENT_ASSET_PATHS = "\"Project Mayhem/Preview Content\"";
				DEVELOPMENT_TEAM = 68L233566P;
				ENABLE_PREVIEWS = YES;
				INFOPLIST_FILE = "Project Mayhem/Info.plist";
				IPHONEOS_DEPLOYMENT_TARGET = 14.0;
				LD_RUNPATH_SEARCH_PATHS = (
					"$(inherited)",
					"@executable_path/Frameworks",
				);
				MARKETING_VERSION = 1.1;
				PRODUCT_BUNDLE_IDENTIFIER = com.YushRajKapoor.ProjectMayhem;
				PRODUCT_NAME = "$(TARGET_NAME)";
				PROVISIONING_PROFILE_SPECIFIER = "";
				SWIFT_VERSION = 5.0;
				TARGETED_DEVICE_FAMILY = 1;
			};
			name = Debug;
		};
		9D5613A5259195E800F1695A /* Release */ = {
			isa = XCBuildConfiguration;
			baseConfigurationReference = 0C97B9B4B38A9709728AA51A /* Pods-Project Mayhem.release.xcconfig */;
			buildSettings = {
				ALWAYS_EMBED_SWIFT_STANDARD_LIBRARIES = YES;
				ASSETCATALOG_COMPILER_APPICON_NAME = AppIcon;
				ASSETCATALOG_COMPILER_GLOBAL_ACCENT_COLOR_NAME = AccentColor;
				CODE_SIGN_ENTITLEMENTS = "Project Mayhem/Project Mayhem.entitlements";
				CODE_SIGN_IDENTITY = "Apple Development";
				CODE_SIGN_STYLE = Automatic;
				CURRENT_PROJECT_VERSION = 2;
				DEVELOPMENT_ASSET_PATHS = "\"Project Mayhem/Preview Content\"";
				DEVELOPMENT_TEAM = 68L233566P;
				ENABLE_PREVIEWS = YES;
				INFOPLIST_FILE = "Project Mayhem/Info.plist";
				IPHONEOS_DEPLOYMENT_TARGET = 14.0;
				LD_RUNPATH_SEARCH_PATHS = (
					"$(inherited)",
					"@executable_path/Frameworks",
				);
				MARKETING_VERSION = 1.1;
				PRODUCT_BUNDLE_IDENTIFIER = com.YushRajKapoor.ProjectMayhem;
				PRODUCT_NAME = "$(TARGET_NAME)";
				PROVISIONING_PROFILE_SPECIFIER = "";
				SWIFT_VERSION = 5.0;
				TARGETED_DEVICE_FAMILY = 1;
			};
			name = Release;
		};
		9D5613A7259195E800F1695A /* Debug */ = {
			isa = XCBuildConfiguration;
			baseConfigurationReference = 982AFC4E8D04CDD115E37879 /* Pods-Project MayhemTests.debug.xcconfig */;
			buildSettings = {
				ALWAYS_EMBED_SWIFT_STANDARD_LIBRARIES = YES;
				BUNDLE_LOADER = "$(TEST_HOST)";
				CODE_SIGN_STYLE = Automatic;
				INFOPLIST_FILE = "Project MayhemTests/Info.plist";
				IPHONEOS_DEPLOYMENT_TARGET = 14.0;
				LD_RUNPATH_SEARCH_PATHS = (
					"$(inherited)",
					"@executable_path/Frameworks",
					"@loader_path/Frameworks",
				);
				PRODUCT_BUNDLE_IDENTIFIER = "com.YushRajKapoor.Project-MayhemTests";
				PRODUCT_NAME = "$(TARGET_NAME)";
				SWIFT_VERSION = 5.0;
				TARGETED_DEVICE_FAMILY = "1,2";
				TEST_HOST = "$(BUILT_PRODUCTS_DIR)/Project Mayhem.app/Project Mayhem";
			};
			name = Debug;
		};
		9D5613A8259195E800F1695A /* Release */ = {
			isa = XCBuildConfiguration;
			baseConfigurationReference = EFB84C86541564CF533AF088 /* Pods-Project MayhemTests.release.xcconfig */;
			buildSettings = {
				ALWAYS_EMBED_SWIFT_STANDARD_LIBRARIES = YES;
				BUNDLE_LOADER = "$(TEST_HOST)";
				CODE_SIGN_STYLE = Automatic;
				INFOPLIST_FILE = "Project MayhemTests/Info.plist";
				IPHONEOS_DEPLOYMENT_TARGET = 14.0;
				LD_RUNPATH_SEARCH_PATHS = (
					"$(inherited)",
					"@executable_path/Frameworks",
					"@loader_path/Frameworks",
				);
				PRODUCT_BUNDLE_IDENTIFIER = "com.YushRajKapoor.Project-MayhemTests";
				PRODUCT_NAME = "$(TARGET_NAME)";
				SWIFT_VERSION = 5.0;
				TARGETED_DEVICE_FAMILY = "1,2";
				TEST_HOST = "$(BUILT_PRODUCTS_DIR)/Project Mayhem.app/Project Mayhem";
			};
			name = Release;
		};
		9D5613AA259195E800F1695A /* Debug */ = {
			isa = XCBuildConfiguration;
			baseConfigurationReference = 674BF2874D4771AFD821F011 /* Pods-Project Mayhem-Project MayhemUITests.debug.xcconfig */;
			buildSettings = {
				ALWAYS_EMBED_SWIFT_STANDARD_LIBRARIES = YES;
				CODE_SIGN_STYLE = Automatic;
				INFOPLIST_FILE = "Project MayhemUITests/Info.plist";
				LD_RUNPATH_SEARCH_PATHS = (
					"$(inherited)",
					"@executable_path/Frameworks",
					"@loader_path/Frameworks",
				);
				PRODUCT_BUNDLE_IDENTIFIER = "com.YushRajKapoor.Project-MayhemUITests";
				PRODUCT_NAME = "$(TARGET_NAME)";
				SWIFT_VERSION = 5.0;
				TARGETED_DEVICE_FAMILY = "1,2";
				TEST_TARGET_NAME = "Project Mayhem";
			};
			name = Debug;
		};
		9D5613AB259195E800F1695A /* Release */ = {
			isa = XCBuildConfiguration;
			baseConfigurationReference = 8651C7C4598121AB353B4AFD /* Pods-Project Mayhem-Project MayhemUITests.release.xcconfig */;
			buildSettings = {
				ALWAYS_EMBED_SWIFT_STANDARD_LIBRARIES = YES;
				CODE_SIGN_STYLE = Automatic;
				INFOPLIST_FILE = "Project MayhemUITests/Info.plist";
				LD_RUNPATH_SEARCH_PATHS = (
					"$(inherited)",
					"@executable_path/Frameworks",
					"@loader_path/Frameworks",
				);
				PRODUCT_BUNDLE_IDENTIFIER = "com.YushRajKapoor.Project-MayhemUITests";
				PRODUCT_NAME = "$(TARGET_NAME)";
				SWIFT_VERSION = 5.0;
				TARGETED_DEVICE_FAMILY = "1,2";
				TEST_TARGET_NAME = "Project Mayhem";
			};
			name = Release;
		};
		9D9287C625F8711F005170A1 /* Debug */ = {
			isa = XCBuildConfiguration;
			baseConfigurationReference = 69DCB3ABA5F8A93C3B7816A5 /* Pods-OneSignalNotificationServiceExtension.debug.xcconfig */;
			buildSettings = {
				CODE_SIGN_IDENTITY = "Apple Development";
				CODE_SIGN_STYLE = Automatic;
				CURRENT_PROJECT_VERSION = 2;
				DEVELOPMENT_TEAM = 68L233566P;
				INFOPLIST_FILE = OneSignalNotificationServiceExtension/Info.plist;
				IPHONEOS_DEPLOYMENT_TARGET = 14.4;
				LD_RUNPATH_SEARCH_PATHS = (
					"$(inherited)",
					"@executable_path/Frameworks",
					"@executable_path/../../Frameworks",
				);
				MARKETING_VERSION = 1.1;
				PRODUCT_BUNDLE_IDENTIFIER = com.YushRajKapoor.ProjectMayhem.OneSignalNotificationServiceExtension;
				PRODUCT_NAME = "$(TARGET_NAME)";
				SKIP_INSTALL = YES;
				SWIFT_VERSION = 5.0;
				TARGETED_DEVICE_FAMILY = 1;
			};
			name = Debug;
		};
		9D9287C725F8711F005170A1 /* Release */ = {
			isa = XCBuildConfiguration;
			baseConfigurationReference = 8DA48B1D6AE8DCFB2B38AEBA /* Pods-OneSignalNotificationServiceExtension.release.xcconfig */;
			buildSettings = {
				CODE_SIGN_IDENTITY = "Apple Development";
				CODE_SIGN_STYLE = Automatic;
				CURRENT_PROJECT_VERSION = 2;
				DEVELOPMENT_TEAM = 68L233566P;
				INFOPLIST_FILE = OneSignalNotificationServiceExtension/Info.plist;
				IPHONEOS_DEPLOYMENT_TARGET = 14.4;
				LD_RUNPATH_SEARCH_PATHS = (
					"$(inherited)",
					"@executable_path/Frameworks",
					"@executable_path/../../Frameworks",
				);
				MARKETING_VERSION = 1.1;
				PRODUCT_BUNDLE_IDENTIFIER = com.YushRajKapoor.ProjectMayhem.OneSignalNotificationServiceExtension;
				PRODUCT_NAME = "$(TARGET_NAME)";
				SKIP_INSTALL = YES;
				SWIFT_VERSION = 5.0;
				TARGETED_DEVICE_FAMILY = 1;
			};
			name = Release;
		};
/* End XCBuildConfiguration section */

/* Begin XCConfigurationList section */
		9D561379259195E600F1695A /* Build configuration list for PBXProject "Project Mayhem" */ = {
			isa = XCConfigurationList;
			buildConfigurations = (
				9D5613A1259195E800F1695A /* Debug */,
				9D5613A2259195E800F1695A /* Release */,
			);
			defaultConfigurationIsVisible = 0;
			defaultConfigurationName = Release;
		};
		9D5613A3259195E800F1695A /* Build configuration list for PBXNativeTarget "Project Mayhem" */ = {
			isa = XCConfigurationList;
			buildConfigurations = (
				9D5613A4259195E800F1695A /* Debug */,
				9D5613A5259195E800F1695A /* Release */,
			);
			defaultConfigurationIsVisible = 0;
			defaultConfigurationName = Release;
		};
		9D5613A6259195E800F1695A /* Build configuration list for PBXNativeTarget "Project MayhemTests" */ = {
			isa = XCConfigurationList;
			buildConfigurations = (
				9D5613A7259195E800F1695A /* Debug */,
				9D5613A8259195E800F1695A /* Release */,
			);
			defaultConfigurationIsVisible = 0;
			defaultConfigurationName = Release;
		};
		9D5613A9259195E800F1695A /* Build configuration list for PBXNativeTarget "Project MayhemUITests" */ = {
			isa = XCConfigurationList;
			buildConfigurations = (
				9D5613AA259195E800F1695A /* Debug */,
				9D5613AB259195E800F1695A /* Release */,
			);
			defaultConfigurationIsVisible = 0;
			defaultConfigurationName = Release;
		};
		9D9287C525F8711F005170A1 /* Build configuration list for PBXNativeTarget "OneSignalNotificationServiceExtension" */ = {
			isa = XCConfigurationList;
			buildConfigurations = (
				9D9287C625F8711F005170A1 /* Debug */,
				9D9287C725F8711F005170A1 /* Release */,
			);
			defaultConfigurationIsVisible = 0;
			defaultConfigurationName = Release;
		};
/* End XCConfigurationList section */

/* Begin XCRemoteSwiftPackageReference section */
		9D92875825F86DD7005170A1 /* XCRemoteSwiftPackageReference "AudioKit" */ = {
			isa = XCRemoteSwiftPackageReference;
			repositoryURL = "https://github.com/AudioKit/AudioKit";
			requirement = {
				branch = "v5-main";
				kind = branch;
			};
		};
		9D92877425F86F44005170A1 /* XCRemoteSwiftPackageReference "OneSignal-XCFramework" */ = {
			isa = XCRemoteSwiftPackageReference;
			repositoryURL = "https://github.com/OneSignal/OneSignal-XCFramework";
			requirement = {
				kind = upToNextMajorVersion;
				minimumVersion = 3.2.3;
			};
		};
/* End XCRemoteSwiftPackageReference section */

/* Begin XCSwiftPackageProductDependency section */
		9D92875925F86DD7005170A1 /* AudioKit */ = {
			isa = XCSwiftPackageProductDependency;
			package = 9D92875825F86DD7005170A1 /* XCRemoteSwiftPackageReference "AudioKit" */;
			productName = AudioKit;
		};
		9D92877525F86F44005170A1 /* OneSignal */ = {
			isa = XCSwiftPackageProductDependency;
			package = 9D92877425F86F44005170A1 /* XCRemoteSwiftPackageReference "OneSignal-XCFramework" */;
			productName = OneSignal;
		};
/* End XCSwiftPackageProductDependency section */
	};
	rootObject = 9D561376259195E600F1695A /* Project object */;
}
