{
  "originHash" : "5ad65fbd82c471510a592a10cae087fb59363085276922a0617dd1ec13c5c776",
  "pins" : [
    {
      "identity" : "abseil-cpp-swiftpm",
      "kind" : "remoteSourceControl",
      "location" : "https://github.com/firebase/abseil-cpp-SwiftPM.git",
      "state" : {
        "revision" : "ff5f5f0a3d3266836b9d722bb73cabdf7057482e",
        "version" : "0.20200225.3"
      }
    },
    {
      "identity" : "audiokit",
      "kind" : "remoteSourceControl",
      "location" : "https://github.com/AudioKit/AudioKit",
      "state" : {
        "revision" : "97a35fe04cd8e3d13b8744e1216b8673f825bef6",
        "version" : "5.7.2"
      }
    },
    {
      "identity" : "audiokitex",
      "kind" : "remoteSourceControl",
      "location" : "https://github.com/AudioKit/AudioKitEX",
      "state" : {
        "revision" : "c33dac0f581e4ef5bf179e550394f3152aafabfd",
        "version" : "5.7.0"
      }
    },
    {
      "identity" : "boringssl-swiftpm",
      "kind" : "remoteSourceControl",
      "location" : "https://github.com/firebase/boringssl-SwiftPM.git",
      "state" : {
        "revision" : "15889fadef7078dfa1392b0e2b08f3d0e9797104",
        "version" : "0.7.1"
      }
    },
    {
      "identity" : "firebase-ios-sdk",
      "kind" : "remoteSourceControl",
      "location" : "https://github.com/firebase/firebase-ios-sdk.git",
      "state" : {
        "revision" : "805863da97d733e4507a07d6fd113d9dd2e4ec7a",
        "version" : "8.2.0"
      }
    },
    {
      "identity" : "googleappmeasurement",
      "kind" : "remoteSourceControl",
      "location" : "https://github.com/google/GoogleAppMeasurement.git",
      "state" : {
        "revision" : "8f2945122bef809c963a619a598c3ac390c2163a",
        "version" : "8.1.1"
      }
    },
    {
      "identity" : "googledatatransport",
      "kind" : "remoteSourceControl",
      "location" : "https://github.com/google/GoogleDataTransport.git",
      "state" : {
        "revision" : "cad598c0338e8b203b94378dff0d4d819fa141cf",
        "version" : "9.0.1"
      }
    },
    {
      "identity" : "googleutilities",
      "kind" : "remoteSourceControl",
      "location" : "https://github.com/google/GoogleUtilities.git",
      "state" : {
        "revision" : "66f5945ac3a4c4ac268bf94c31f226116b14e327",
        "version" : "7.4.0"
      }
    },
    {
      "identity" : "grpc-swiftpm",
      "kind" : "remoteSourceControl",
      "location" : "https://github.com/firebase/grpc-SwiftPM.git",
      "state" : {
        "revision" : "fb405dd2c7901485f7e158b24e3a0a47e4efd8b5",
        "version" : "1.28.4"
      }
    },
    {
      "identity" : "gtm-session-fetcher",
      "kind" : "remoteSourceControl",
      "location" : "https://github.com/google/gtm-session-fetcher.git",
      "state" : {
        "revision" : "91ed3d188eb95705fef3c249453b81f32dc557d1",
        "version" : "1.5.0"
      }
    },
    {
      "identity" : "kissfft",
      "kind" : "remoteSourceControl",
      "location" : "https://github.com/AudioKit/KissFFT",
      "state" : {
        "revision" : "dd0636e151724b8ba2e0908eba4d99a6ff24d00c",
        "version" : "1.0.0"
      }
    },
    {
      "identity" : "leveldb",
      "kind" : "remoteSourceControl",
      "location" : "https://github.com/firebase/leveldb.git",
      "state" : {
        "revision" : "0706abcc6b0bd9cedfbb015ba840e4a780b5159b",
        "version" : "1.22.2"
      }
    },
    {
      "identity" : "nanopb",
      "kind" : "remoteSourceControl",
      "location" : "https://github.com/firebase/nanopb.git",
      "state" : {
        "revision" : "7ee9ef9f627d85cbe1b8c4f49a3ed26eed216c77",
        "version" : "2.30908.0"
      }
    },
    {
      "identity" : "promises",
      "kind" : "remoteSourceControl",
      "location" : "https://github.com/google/promises.git",
      "state" : {
        "revision" : "afa9a1ace74e116848d4f743599ab83e584ff8cb",
        "version" : "1.2.12"
      }
    },
    {
      "identity" : "siren",
      "kind" : "remoteSourceControl",
      "location" : "https://github.com/ArtSabintsev/Siren.git",
      "state" : {
        "revision" : "9173fc529731705a737658b2801ccbc19dd385c8",
        "version" : "5.8.1"
      }
    },
    {
      "identity" : "soundpipeaudiokit",
      "kind" : "remoteSourceControl",
      "location" : "https://github.com/AudioKit/SoundpipeAudioKit",
      "state" : {
        "revision" : "d8afd31b3710a0efd5f9ecb11f1169ca493795e9",
        "version" : "5.7.4"
      }
    },
    {
      "identity" : "swift-protobuf",
      "kind" : "remoteSourceControl",
      "location" : "https://github.com/apple/swift-protobuf.git",
      "state" : {
        "revision" : "bfe4255ff60f22a41cafa113059668571ed5d461",
        "version" : "1.16.0"
      }
    },
    {
      "identity" : "tonic",
      "kind" : "remoteSourceControl",
      "location" : "https://github.com/AudioKit/Tonic",
      "state" : {
        "revision" : "601eeb26b06ff6edfa391b2fd2d8815ec8231a9b",
        "version" : "2.1.2"
      }
    }
  ],
  "version" : 3
}
